// !$*UTF8*$!
{
	archiveVersion = 1;
	classes = {
	};
	objectVersion = 46;
	objects = {

/* Begin PBXBuildFile section */
		0E07532619E2254F00B17408 /* DataModelsTests.m in Sources */ = {isa = PBXBuildFile; fileRef = 0E07532519E2254F00B17408 /* DataModelsTests.m */; };
		0EAB1ABB1A2DA303008A0AE2 /* GoogleMaps.framework in Frameworks */ = {isa = PBXBuildFile; fileRef = 0EAB1ABA1A2DA303008A0AE2 /* GoogleMaps.framework */; };
		0EAB1B001A2DA4D3008A0AE2 /* AppDelegate.m in Sources */ = {isa = PBXBuildFile; fileRef = 0EAB1ABF1A2DA4D3008A0AE2 /* AppDelegate.m */; };
		0EAB1B011A2DA4D3008A0AE2 /* CoffeeAPI.m in Sources */ = {isa = PBXBuildFile; fileRef = 0EAB1AC21A2DA4D3008A0AE2 /* CoffeeAPI.m */; };
		0EAB1B021A2DA4D3008A0AE2 /* CoffeeAPIError.m in Sources */ = {isa = PBXBuildFile; fileRef = 0EAB1AC41A2DA4D3008A0AE2 /* CoffeeAPIError.m */; };
		0EAB1B031A2DA4D3008A0AE2 /* JSONModelRequestSerializer.m in Sources */ = {isa = PBXBuildFile; fileRef = 0EAB1AC61A2DA4D3008A0AE2 /* JSONModelRequestSerializer.m */; };
		0EAB1B041A2DA4D3008A0AE2 /* Bases.m in Sources */ = {isa = PBXBuildFile; fileRef = 0EAB1AC91A2DA4D3008A0AE2 /* Bases.m */; };
		0EAB1B051A2DA4D3008A0AE2 /* Enums.m in Sources */ = {isa = PBXBuildFile; fileRef = 0EAB1ACC1A2DA4D3008A0AE2 /* Enums.m */; };
		0EAB1B061A2DA4D3008A0AE2 /* Group.m in Sources */ = {isa = PBXBuildFile; fileRef = 0EAB1ACE1A2DA4D3008A0AE2 /* Group.m */; };
		0EAB1B071A2DA4D3008A0AE2 /* Hangout.m in Sources */ = {isa = PBXBuildFile; fileRef = 0EAB1AD01A2DA4D3008A0AE2 /* Hangout.m */; };
		0EAB1B081A2DA4D3008A0AE2 /* User.m in Sources */ = {isa = PBXBuildFile; fileRef = 0EAB1AD21A2DA4D3008A0AE2 /* User.m */; };
		0EAB1B0A1A2DA4D3008A0AE2 /* Images.xcassets in Resources */ = {isa = PBXBuildFile; fileRef = 0EAB1AD51A2DA4D3008A0AE2 /* Images.xcassets */; };
		0EAB1B0B1A2DA4D3008A0AE2 /* Info.plist in Resources */ = {isa = PBXBuildFile; fileRef = 0EAB1AD61A2DA4D3008A0AE2 /* Info.plist */; };
		0EAB1B0C1A2DA4D3008A0AE2 /* main.m in Sources */ = {isa = PBXBuildFile; fileRef = 0EAB1AD71A2DA4D3008A0AE2 /* main.m */; };
		0EAB1B0D1A2DA4D3008A0AE2 /* Main.storyboard in Resources */ = {isa = PBXBuildFile; fileRef = 0EAB1AD81A2DA4D3008A0AE2 /* Main.storyboard */; };
		0EAB1B0F1A2DA4D3008A0AE2 /* accept.png in Resources */ = {isa = PBXBuildFile; fileRef = 0EAB1ADC1A2DA4D3008A0AE2 /* accept.png */; };
		0EAB1B231A2DA4D3008A0AE2 /* ActivityCollectionCell.m in Sources */ = {isa = PBXBuildFile; fileRef = 0EAB1AF21A2DA4D3008A0AE2 /* ActivityCollectionCell.m */; };
		0EAB1B241A2DA4D3008A0AE2 /* ActivityReplyViewCell.m in Sources */ = {isa = PBXBuildFile; fileRef = 0EAB1AF41A2DA4D3008A0AE2 /* ActivityReplyViewCell.m */; };
		0EAB1B261A2DA4D3008A0AE2 /* CFAvatarView.m in Sources */ = {isa = PBXBuildFile; fileRef = 0EAB1AF81A2DA4D3008A0AE2 /* CFAvatarView.m */; };
		0EAB1B281A2DA4D3008A0AE2 /* UITableGridViewCell.m in Sources */ = {isa = PBXBuildFile; fileRef = 0EAB1AFC1A2DA4D3008A0AE2 /* UITableGridViewCell.m */; };
		0EAB1B291A2DA4D3008A0AE2 /* HangoutDetailViewController.m in Sources */ = {isa = PBXBuildFile; fileRef = 0EAB1AFF1A2DA4D3008A0AE2 /* HangoutDetailViewController.m */; };
		0EAB1B301A2DA5D4008A0AE2 /* GoogleMaps.bundle in Resources */ = {isa = PBXBuildFile; fileRef = 0EAB1B2F1A2DA5D4008A0AE2 /* GoogleMaps.bundle */; };
		0EAB1B321A2DA62C008A0AE2 /* AVFoundation.framework in Frameworks */ = {isa = PBXBuildFile; fileRef = 0EAB1B311A2DA62C008A0AE2 /* AVFoundation.framework */; };
		0EAB1B341A2DA636008A0AE2 /* CoreData.framework in Frameworks */ = {isa = PBXBuildFile; fileRef = 0EAB1B331A2DA636008A0AE2 /* CoreData.framework */; };
		0EAB1B361A2DA63C008A0AE2 /* CoreLocation.framework in Frameworks */ = {isa = PBXBuildFile; fileRef = 0EAB1B351A2DA63C008A0AE2 /* CoreLocation.framework */; };
		0EAB1B381A2DA645008A0AE2 /* CoreText.framework in Frameworks */ = {isa = PBXBuildFile; fileRef = 0EAB1B371A2DA645008A0AE2 /* CoreText.framework */; };
		0EAB1B3A1A2DA651008A0AE2 /* GLKit.framework in Frameworks */ = {isa = PBXBuildFile; fileRef = 0EAB1B391A2DA651008A0AE2 /* GLKit.framework */; };
		0EAB1B3C1A2DA65A008A0AE2 /* ImageIO.framework in Frameworks */ = {isa = PBXBuildFile; fileRef = 0EAB1B3B1A2DA65A008A0AE2 /* ImageIO.framework */; };
		0EAB1B3E1A2DA666008A0AE2 /* libc++.dylib in Frameworks */ = {isa = PBXBuildFile; fileRef = 0EAB1B3D1A2DA666008A0AE2 /* libc++.dylib */; };
		0EAB1B401A2DA674008A0AE2 /* libicucore.dylib in Frameworks */ = {isa = PBXBuildFile; fileRef = 0EAB1B3F1A2DA674008A0AE2 /* libicucore.dylib */; };
		0EAB1B421A2DA67D008A0AE2 /* libz.dylib in Frameworks */ = {isa = PBXBuildFile; fileRef = 0EAB1B411A2DA67D008A0AE2 /* libz.dylib */; };
		0EAB1B441A2DA685008A0AE2 /* OpenGLES.framework in Frameworks */ = {isa = PBXBuildFile; fileRef = 0EAB1B431A2DA684008A0AE2 /* OpenGLES.framework */; };
		0EAB1B461A2DA68D008A0AE2 /* QuartzCore.framework in Frameworks */ = {isa = PBXBuildFile; fileRef = 0EAB1B451A2DA68D008A0AE2 /* QuartzCore.framework */; };
		0EAB1B481A2DA697008A0AE2 /* SystemConfiguration.framework in Frameworks */ = {isa = PBXBuildFile; fileRef = 0EAB1B471A2DA697008A0AE2 /* SystemConfiguration.framework */; };
		0EAB1B4B1A2DA8C8008A0AE2 /* HangoutLocationViewController.mm in Sources */ = {isa = PBXBuildFile; fileRef = 0EAB1B4A1A2DA8C8008A0AE2 /* HangoutLocationViewController.mm */; };
		0ED8E3CD1A286BDF0072E833 /* Default-568h@2x.png in Resources */ = {isa = PBXBuildFile; fileRef = 0ED8E3CC1A286BDF0072E833 /* Default-568h@2x.png */; };
		0EDF7B4A19E379B800C4E695 /* CoffeeAPITests.m in Sources */ = {isa = PBXBuildFile; fileRef = 0EDF7B4919E379B800C4E695 /* CoffeeAPITests.m */; };
		0EDF7B5919E5223400C4E695 /* CoffeeTestCase.m in Sources */ = {isa = PBXBuildFile; fileRef = 0EDF7B5819E5223400C4E695 /* CoffeeTestCase.m */; };
		0EDF7B5C19E522F300C4E695 /* TestDataGenerator.m in Sources */ = {isa = PBXBuildFile; fileRef = 0EDF7B5B19E522F300C4E695 /* TestDataGenerator.m */; };
		1019B9941A3D6CB0001AF705 /* NA_Add_Accept.png in Resources */ = {isa = PBXBuildFile; fileRef = 1019B9891A3D6CB0001AF705 /* NA_Add_Accept.png */; };
		1019B9951A3D6CB0001AF705 /* NA_Add_Pending.png in Resources */ = {isa = PBXBuildFile; fileRef = 1019B98A1A3D6CB0001AF705 /* NA_Add_Pending.png */; };
		1019B9971A3D6CB0001AF705 /* NA_Date_Accept.png in Resources */ = {isa = PBXBuildFile; fileRef = 1019B98C1A3D6CB0001AF705 /* NA_Date_Accept.png */; };
		1019B9981A3D6CB0001AF705 /* NA_Date_Pending.png in Resources */ = {isa = PBXBuildFile; fileRef = 1019B98D1A3D6CB0001AF705 /* NA_Date_Pending.png */; };
		1019B9991A3D6CB0001AF705 /* NA_Desc_Accept.png in Resources */ = {isa = PBXBuildFile; fileRef = 1019B98E1A3D6CB0001AF705 /* NA_Desc_Accept.png */; };
		1019B99A1A3D6CB0001AF705 /* NA_Desc_Pending.png in Resources */ = {isa = PBXBuildFile; fileRef = 1019B98F1A3D6CB0001AF705 /* NA_Desc_Pending.png */; };
		1019B99B1A3D6CB0001AF705 /* NA_Location_Accept.png in Resources */ = {isa = PBXBuildFile; fileRef = 1019B9901A3D6CB0001AF705 /* NA_Location_Accept.png */; };
		1019B99C1A3D6CB0001AF705 /* NA_Location_Pending.png in Resources */ = {isa = PBXBuildFile; fileRef = 1019B9911A3D6CB0001AF705 /* NA_Location_Pending.png */; };
		1019B99D1A3D6CB0001AF705 /* NA_Time_Accept.png in Resources */ = {isa = PBXBuildFile; fileRef = 1019B9921A3D6CB0001AF705 /* NA_Time_Accept.png */; };
		1019B99E1A3D6CB0001AF705 /* NA_Time_Pending.png in Resources */ = {isa = PBXBuildFile; fileRef = 1019B9931A3D6CB0001AF705 /* NA_Time_Pending.png */; };
		1019B9A01A3D8BD0001AF705 /* xiaowu.png in Resources */ = {isa = PBXBuildFile; fileRef = 1019B99F1A3D8BD0001AF705 /* xiaowu.png */; };
		1022710F1A3DEF9B0041A65E /* Unselected.png in Resources */ = {isa = PBXBuildFile; fileRef = 1022710E1A3DEF9B0041A65E /* Unselected.png */; };
		105D8AA01A401A1A001A8A13 /* Details_Pending_Big.png in Resources */ = {isa = PBXBuildFile; fileRef = 105D8A9F1A401A1A001A8A13 /* Details_Pending_Big.png */; };
		105D8AA51A401A3F001A8A13 /* Main_RightButton_Accept.png in Resources */ = {isa = PBXBuildFile; fileRef = 105D8AA11A401A3F001A8A13 /* Main_RightButton_Accept.png */; };
		105D8AA61A401A3F001A8A13 /* Main_RightButton_Cancel.png in Resources */ = {isa = PBXBuildFile; fileRef = 105D8AA21A401A3F001A8A13 /* Main_RightButton_Cancel.png */; };
		105D8AA71A401A3F001A8A13 /* Main_RightButton_Delete.png in Resources */ = {isa = PBXBuildFile; fileRef = 105D8AA31A401A3F001A8A13 /* Main_RightButton_Delete.png */; };
		105D8AA81A401A3F001A8A13 /* Main_RightButton_Pending.png in Resources */ = {isa = PBXBuildFile; fileRef = 105D8AA41A401A3F001A8A13 /* Main_RightButton_Pending.png */; };
		105D8AAC1A402838001A8A13 /* ViewEnums.m in Sources */ = {isa = PBXBuildFile; fileRef = 105D8AAB1A402838001A8A13 /* ViewEnums.m */; };
		105D8AB01A403D0A001A8A13 /* FakeData.m in Sources */ = {isa = PBXBuildFile; fileRef = 105D8AAF1A403D0A001A8A13 /* FakeData.m */; };
		1062BDBF1A2E24EA00C102CD /* mapapi.bundle in Resources */ = {isa = PBXBuildFile; fileRef = 1062BDBE1A2E24EA00C102CD /* mapapi.bundle */; };
		1062BDC31A2E2B3C00C102CD /* libbaidumapapi.a in Frameworks */ = {isa = PBXBuildFile; fileRef = 1062BDC21A2E2B3C00C102CD /* libbaidumapapi.a */; };
		106842B01A408B5700599CA0 /* UIHelper.m in Sources */ = {isa = PBXBuildFile; fileRef = 106842AF1A408B5700599CA0 /* UIHelper.m */; };
		106842B31A408DD500599CA0 /* HangoutHelper.m in Sources */ = {isa = PBXBuildFile; fileRef = 106842B21A408DD500599CA0 /* HangoutHelper.m */; };
		10A9341C1A2F50FB00B5323F /* Placeholder.m in Sources */ = {isa = PBXBuildFile; fileRef = 10A9341B1A2F50FB00B5323F /* Placeholder.m */; };
		10A9341F1A2F778000B5323F /* HangoutInvationViewController.m in Sources */ = {isa = PBXBuildFile; fileRef = 10A9341E1A2F778000B5323F /* HangoutInvationViewController.m */; };
		10A934221A2F77E500B5323F /* InvationTableCell.m in Sources */ = {isa = PBXBuildFile; fileRef = 10A934211A2F77E500B5323F /* InvationTableCell.m */; };
		10ABCBE71A2E1103004F9EB5 /* LocationTableCell.m in Sources */ = {isa = PBXBuildFile; fileRef = 10ABCBE61A2E1103004F9EB5 /* LocationTableCell.m */; };
		10CB282D1A41FD2E00164AF5 /* NA_Address_Pending.png in Resources */ = {isa = PBXBuildFile; fileRef = 10CB282C1A41FD2E00164AF5 /* NA_Address_Pending.png */; };
		10CB282F1A41FF9600164AF5 /* NA_Address_Accept.png in Resources */ = {isa = PBXBuildFile; fileRef = 10CB282E1A41FF9600164AF5 /* NA_Address_Accept.png */; };
		10DF07D91A3A10B000FADE2F /* Main_Accept_Button.png in Resources */ = {isa = PBXBuildFile; fileRef = 10DF07CB1A3A10B000FADE2F /* Main_Accept_Button.png */; };
		10DF07DA1A3A10B000FADE2F /* Main_Accept.png in Resources */ = {isa = PBXBuildFile; fileRef = 10DF07CC1A3A10B000FADE2F /* Main_Accept.png */; };
		10DF07DB1A3A10B000FADE2F /* Main_Add.png in Resources */ = {isa = PBXBuildFile; fileRef = 10DF07CD1A3A10B000FADE2F /* Main_Add.png */; };
		10DF07DC1A3A10B000FADE2F /* Main_Cancel_Button.png in Resources */ = {isa = PBXBuildFile; fileRef = 10DF07CE1A3A10B000FADE2F /* Main_Cancel_Button.png */; };
		10DF07DD1A3A10B000FADE2F /* Main_Cancel.png in Resources */ = {isa = PBXBuildFile; fileRef = 10DF07CF1A3A10B000FADE2F /* Main_Cancel.png */; };
		10DF07DE1A3A10B000FADE2F /* Main_Pending_Button.png in Resources */ = {isa = PBXBuildFile; fileRef = 10DF07D01A3A10B000FADE2F /* Main_Pending_Button.png */; };
		10DF07DF1A3A10B000FADE2F /* Main_Pending.png in Resources */ = {isa = PBXBuildFile; fileRef = 10DF07D11A3A10B000FADE2F /* Main_Pending.png */; };
		10DF07E01A3A10B000FADE2F /* Main_Trash_Button.png in Resources */ = {isa = PBXBuildFile; fileRef = 10DF07D21A3A10B000FADE2F /* Main_Trash_Button.png */; };
		10DF07E71A3A279700FADE2F /* Sample_Achie.jpg in Resources */ = {isa = PBXBuildFile; fileRef = 10DF07E21A3A279700FADE2F /* Sample_Achie.jpg */; };
		10DF07E81A3A279700FADE2F /* Sample_Audi.jpg in Resources */ = {isa = PBXBuildFile; fileRef = 10DF07E31A3A279700FADE2F /* Sample_Audi.jpg */; };
		10DF07E91A3A279700FADE2F /* Sample_Glass.jpg in Resources */ = {isa = PBXBuildFile; fileRef = 10DF07E41A3A279700FADE2F /* Sample_Glass.jpg */; };
		10DF07EA1A3A279700FADE2F /* Sample_Rae.jpg in Resources */ = {isa = PBXBuildFile; fileRef = 10DF07E51A3A279700FADE2F /* Sample_Rae.jpg */; };
		10DF07EB1A3A279700FADE2F /* Sample_Sofang.jpg in Resources */ = {isa = PBXBuildFile; fileRef = 10DF07E61A3A279700FADE2F /* Sample_Sofang.jpg */; };
		10DF07EF1A3A2C1300FADE2F /* Main_Accept_Temp.png in Resources */ = {isa = PBXBuildFile; fileRef = 10DF07EC1A3A2C1300FADE2F /* Main_Accept_Temp.png */; };
		10DF07F01A3A2C1300FADE2F /* Main_Cancel_Temp.png in Resources */ = {isa = PBXBuildFile; fileRef = 10DF07ED1A3A2C1300FADE2F /* Main_Cancel_Temp.png */; };
		10DF07F11A3A2C1300FADE2F /* Main_Trash_Temp.png in Resources */ = {isa = PBXBuildFile; fileRef = 10DF07EE1A3A2C1300FADE2F /* Main_Trash_Temp.png */; };
		10DF07F91A3A2F0B00FADE2F /* Activity_Coffee.png in Resources */ = {isa = PBXBuildFile; fileRef = 10DF07F31A3A2F0B00FADE2F /* Activity_Coffee.png */; };
		10DF07FA1A3A2F0B00FADE2F /* Activity_Dinner.png in Resources */ = {isa = PBXBuildFile; fileRef = 10DF07F41A3A2F0B00FADE2F /* Activity_Dinner.png */; };
		10DF07FB1A3A2F0B00FADE2F /* Activity_KTV.png in Resources */ = {isa = PBXBuildFile; fileRef = 10DF07F51A3A2F0B00FADE2F /* Activity_KTV.png */; };
		10DF07FC1A3A2F0B00FADE2F /* Activity_Movie.png in Resources */ = {isa = PBXBuildFile; fileRef = 10DF07F61A3A2F0B00FADE2F /* Activity_Movie.png */; };
		10DF07FD1A3A2F0B00FADE2F /* Activity_Shopping.png in Resources */ = {isa = PBXBuildFile; fileRef = 10DF07F71A3A2F0B00FADE2F /* Activity_Shopping.png */; };
		10DF07FE1A3A2F0B00FADE2F /* Activity_Shower.png in Resources */ = {isa = PBXBuildFile; fileRef = 10DF07F81A3A2F0B00FADE2F /* Activity_Shower.png */; };
		10DF08091A3AB93F00FADE2F /* Details_Accept.png in Resources */ = {isa = PBXBuildFile; fileRef = 10DF08001A3AB93E00FADE2F /* Details_Accept.png */; };
		10DF080A1A3AB93F00FADE2F /* Details_Accepticon.png in Resources */ = {isa = PBXBuildFile; fileRef = 10DF08011A3AB93E00FADE2F /* Details_Accepticon.png */; };
		10DF080B1A3AB93F00FADE2F /* Details_Addressicon.png in Resources */ = {isa = PBXBuildFile; fileRef = 10DF08021A3AB93E00FADE2F /* Details_Addressicon.png */; };
		10DF080C1A3AB93F00FADE2F /* Details_Back.png in Resources */ = {isa = PBXBuildFile; fileRef = 10DF08031A3AB93E00FADE2F /* Details_Back.png */; };
		10DF080D1A3AB93F00FADE2F /* Details_Cancel.png in Resources */ = {isa = PBXBuildFile; fileRef = 10DF08041A3AB93E00FADE2F /* Details_Cancel.png */; };
		10DF080E1A3AB93F00FADE2F /* Details_Cancelicon.png in Resources */ = {isa = PBXBuildFile; fileRef = 10DF08051A3AB93E00FADE2F /* Details_Cancelicon.png */; };
		10DF080F1A3AB93F00FADE2F /* Details_Editicon.png in Resources */ = {isa = PBXBuildFile; fileRef = 10DF08061A3AB93E00FADE2F /* Details_Editicon.png */; };
		10DF08101A3AB93F00FADE2F /* Details_Pending.png in Resources */ = {isa = PBXBuildFile; fileRef = 10DF08071A3AB93E00FADE2F /* Details_Pending.png */; };
		10DF08111A3AB93F00FADE2F /* Details_Pendingicon.png in Resources */ = {isa = PBXBuildFile; fileRef = 10DF08081A3AB93E00FADE2F /* Details_Pendingicon.png */; };
		10DF08181A3AB95700FADE2F /* Coffee_Big.png in Resources */ = {isa = PBXBuildFile; fileRef = 10DF08121A3AB95700FADE2F /* Coffee_Big.png */; };
		10DF08191A3AB95700FADE2F /* Dinner_Big.png in Resources */ = {isa = PBXBuildFile; fileRef = 10DF08131A3AB95700FADE2F /* Dinner_Big.png */; };
		10DF081A1A3AB95700FADE2F /* KTV_Big.png in Resources */ = {isa = PBXBuildFile; fileRef = 10DF08141A3AB95700FADE2F /* KTV_Big.png */; };
		10DF081B1A3AB95700FADE2F /* Movie_Big.png in Resources */ = {isa = PBXBuildFile; fileRef = 10DF08151A3AB95700FADE2F /* Movie_Big.png */; };
		10DF081C1A3AB95700FADE2F /* Shopping_Big.png in Resources */ = {isa = PBXBuildFile; fileRef = 10DF08161A3AB95700FADE2F /* Shopping_Big.png */; };
		10DF081D1A3AB95700FADE2F /* Shower_Big.png in Resources */ = {isa = PBXBuildFile; fileRef = 10DF08171A3AB95700FADE2F /* Shower_Big.png */; };
		10DF08201A3B6D0000FADE2F /* Details_Accept_Big.png in Resources */ = {isa = PBXBuildFile; fileRef = 10DF081E1A3B6D0000FADE2F /* Details_Accept_Big.png */; };
		10DF08211A3B6D0000FADE2F /* Details_Cancel_Big.png in Resources */ = {isa = PBXBuildFile; fileRef = 10DF081F1A3B6D0000FADE2F /* Details_Cancel_Big.png */; };
		10DF08231A3B76EB00FADE2F /* AddressButton.png in Resources */ = {isa = PBXBuildFile; fileRef = 10DF08221A3B76EB00FADE2F /* AddressButton.png */; };
		10DF08251A3C1A9F00FADE2F /* Address_Pending.png in Resources */ = {isa = PBXBuildFile; fileRef = 10DF08241A3C1A9F00FADE2F /* Address_Pending.png */; };
		10FBF3121A35EDE300BDE177 /* NewActivityViewControllerV2.m in Sources */ = {isa = PBXBuildFile; fileRef = 10FBF3111A35EDE300BDE177 /* NewActivityViewControllerV2.m */; };
		10FBF3141A35F61000BDE177 /* ok.png in Resources */ = {isa = PBXBuildFile; fileRef = 10FBF3131A35F61000BDE177 /* ok.png */; };
		10FBF3161A3602CA00BDE177 /* close.png in Resources */ = {isa = PBXBuildFile; fileRef = 10FBF3151A3602CA00BDE177 /* close.png */; };
		10FBF31A1A36084400BDE177 /* Trapezoid.m in Sources */ = {isa = PBXBuildFile; fileRef = 10FBF3191A36084400BDE177 /* Trapezoid.m */; };
		10FBF3201A36088300BDE177 /* Trapezoid1.m in Sources */ = {isa = PBXBuildFile; fileRef = 10FBF31F1A36088300BDE177 /* Trapezoid1.m */; };
		10FEA93B1A31FBB2001762B3 /* add.png in Resources */ = {isa = PBXBuildFile; fileRef = 10FEA93A1A31FBB2001762B3 /* add.png */; };
		10FEA93E1A321149001762B3 /* HangoutViewControllerV2.m in Sources */ = {isa = PBXBuildFile; fileRef = 10FEA93D1A321149001762B3 /* HangoutViewControllerV2.m */; };
		10FEA9411A3212F1001762B3 /* HangoutSWTableCell.m in Sources */ = {isa = PBXBuildFile; fileRef = 10FEA9401A3212F1001762B3 /* HangoutSWTableCell.m */; };
		1E4DB0B9E474BD38095FDFBB /* libPods-coffee.a in Frameworks */ = {isa = PBXBuildFile; fileRef = 597921EC47B53B0F4D7162C3 /* libPods-coffee.a */; };
		975A5BCAA7EC0864334E9D47 /* libPods-coffeeTests.a in Frameworks */ = {isa = PBXBuildFile; fileRef = 453F28ABF56FE980E3185D35 /* libPods-coffeeTests.a */; };
/* End PBXBuildFile section */

/* Begin PBXContainerItemProxy section */
		0E07532019E2254F00B17408 /* PBXContainerItemProxy */ = {
			isa = PBXContainerItemProxy;
			containerPortal = 0E0752FE19E2254F00B17408 /* Project object */;
			proxyType = 1;
			remoteGlobalIDString = 0E07530519E2254F00B17408;
			remoteInfo = coffee;
		};
/* End PBXContainerItemProxy section */

/* Begin PBXFileReference section */
		03B07F2FB01D3DC4C59CE758 /* Pods-coffee.debug.xcconfig */ = {isa = PBXFileReference; includeInIndex = 1; lastKnownFileType = text.xcconfig; name = "Pods-coffee.debug.xcconfig"; path = "Pods/Target Support Files/Pods-coffee/Pods-coffee.debug.xcconfig"; sourceTree = "<group>"; };
		0E07530619E2254F00B17408 /* coffee.app */ = {isa = PBXFileReference; explicitFileType = wrapper.application; includeInIndex = 0; path = coffee.app; sourceTree = BUILT_PRODUCTS_DIR; };
		0E07531F19E2254F00B17408 /* coffeeTests.xctest */ = {isa = PBXFileReference; explicitFileType = wrapper.cfbundle; includeInIndex = 0; path = coffeeTests.xctest; sourceTree = BUILT_PRODUCTS_DIR; };
		0E07532419E2254F00B17408 /* Info.plist */ = {isa = PBXFileReference; lastKnownFileType = text.plist.xml; path = Info.plist; sourceTree = "<group>"; };
		0E07532519E2254F00B17408 /* DataModelsTests.m */ = {isa = PBXFileReference; lastKnownFileType = sourcecode.c.objc; path = DataModelsTests.m; sourceTree = "<group>"; };
		0EAB1ABA1A2DA303008A0AE2 /* GoogleMaps.framework */ = {isa = PBXFileReference; lastKnownFileType = wrapper.framework; path = GoogleMaps.framework; sourceTree = "<group>"; };
		0EAB1ABE1A2DA4D3008A0AE2 /* AppDelegate.h */ = {isa = PBXFileReference; fileEncoding = 4; lastKnownFileType = sourcecode.c.h; path = AppDelegate.h; sourceTree = "<group>"; };
		0EAB1ABF1A2DA4D3008A0AE2 /* AppDelegate.m */ = {isa = PBXFileReference; fileEncoding = 4; lastKnownFileType = sourcecode.c.objc; path = AppDelegate.m; sourceTree = "<group>"; };
		0EAB1AC11A2DA4D3008A0AE2 /* CoffeeAPI.h */ = {isa = PBXFileReference; fileEncoding = 4; lastKnownFileType = sourcecode.c.h; path = CoffeeAPI.h; sourceTree = "<group>"; };
		0EAB1AC21A2DA4D3008A0AE2 /* CoffeeAPI.m */ = {isa = PBXFileReference; fileEncoding = 4; lastKnownFileType = sourcecode.c.objc; path = CoffeeAPI.m; sourceTree = "<group>"; };
		0EAB1AC31A2DA4D3008A0AE2 /* CoffeeAPIError.h */ = {isa = PBXFileReference; fileEncoding = 4; lastKnownFileType = sourcecode.c.h; path = CoffeeAPIError.h; sourceTree = "<group>"; };
		0EAB1AC41A2DA4D3008A0AE2 /* CoffeeAPIError.m */ = {isa = PBXFileReference; fileEncoding = 4; lastKnownFileType = sourcecode.c.objc; path = CoffeeAPIError.m; sourceTree = "<group>"; };
		0EAB1AC51A2DA4D3008A0AE2 /* JSONModelRequestSerializer.h */ = {isa = PBXFileReference; fileEncoding = 4; lastKnownFileType = sourcecode.c.h; path = JSONModelRequestSerializer.h; sourceTree = "<group>"; };
		0EAB1AC61A2DA4D3008A0AE2 /* JSONModelRequestSerializer.m */ = {isa = PBXFileReference; fileEncoding = 4; lastKnownFileType = sourcecode.c.objc; path = JSONModelRequestSerializer.m; sourceTree = "<group>"; };
		0EAB1AC81A2DA4D3008A0AE2 /* Bases.h */ = {isa = PBXFileReference; fileEncoding = 4; lastKnownFileType = sourcecode.c.h; path = Bases.h; sourceTree = "<group>"; };
		0EAB1AC91A2DA4D3008A0AE2 /* Bases.m */ = {isa = PBXFileReference; fileEncoding = 4; lastKnownFileType = sourcecode.c.objc; path = Bases.m; sourceTree = "<group>"; };
		0EAB1ACA1A2DA4D3008A0AE2 /* DataModels.h */ = {isa = PBXFileReference; fileEncoding = 4; lastKnownFileType = sourcecode.c.h; path = DataModels.h; sourceTree = "<group>"; };
		0EAB1ACB1A2DA4D3008A0AE2 /* Enums.h */ = {isa = PBXFileReference; fileEncoding = 4; lastKnownFileType = sourcecode.c.h; path = Enums.h; sourceTree = "<group>"; };
		0EAB1ACC1A2DA4D3008A0AE2 /* Enums.m */ = {isa = PBXFileReference; fileEncoding = 4; lastKnownFileType = sourcecode.c.objc; path = Enums.m; sourceTree = "<group>"; };
		0EAB1ACD1A2DA4D3008A0AE2 /* Group.h */ = {isa = PBXFileReference; fileEncoding = 4; lastKnownFileType = sourcecode.c.h; path = Group.h; sourceTree = "<group>"; };
		0EAB1ACE1A2DA4D3008A0AE2 /* Group.m */ = {isa = PBXFileReference; fileEncoding = 4; lastKnownFileType = sourcecode.c.objc; path = Group.m; sourceTree = "<group>"; };
		0EAB1ACF1A2DA4D3008A0AE2 /* Hangout.h */ = {isa = PBXFileReference; fileEncoding = 4; lastKnownFileType = sourcecode.c.h; path = Hangout.h; sourceTree = "<group>"; };
		0EAB1AD01A2DA4D3008A0AE2 /* Hangout.m */ = {isa = PBXFileReference; fileEncoding = 4; lastKnownFileType = sourcecode.c.objc; path = Hangout.m; sourceTree = "<group>"; };
		0EAB1AD11A2DA4D3008A0AE2 /* User.h */ = {isa = PBXFileReference; fileEncoding = 4; lastKnownFileType = sourcecode.c.h; path = User.h; sourceTree = "<group>"; };
		0EAB1AD21A2DA4D3008A0AE2 /* User.m */ = {isa = PBXFileReference; fileEncoding = 4; lastKnownFileType = sourcecode.c.objc; path = User.m; sourceTree = "<group>"; };
		0EAB1AD51A2DA4D3008A0AE2 /* Images.xcassets */ = {isa = PBXFileReference; lastKnownFileType = folder.assetcatalog; path = Images.xcassets; sourceTree = "<group>"; };
		0EAB1AD61A2DA4D3008A0AE2 /* Info.plist */ = {isa = PBXFileReference; fileEncoding = 4; lastKnownFileType = text.plist.xml; path = Info.plist; sourceTree = "<group>"; };
		0EAB1AD71A2DA4D3008A0AE2 /* main.m */ = {isa = PBXFileReference; fileEncoding = 4; lastKnownFileType = sourcecode.c.objc; path = main.m; sourceTree = "<group>"; };
		0EAB1AD81A2DA4D3008A0AE2 /* Main.storyboard */ = {isa = PBXFileReference; fileEncoding = 4; lastKnownFileType = file.storyboard; path = Main.storyboard; sourceTree = "<group>"; };
		0EAB1ADC1A2DA4D3008A0AE2 /* accept.png */ = {isa = PBXFileReference; lastKnownFileType = image.png; path = accept.png; sourceTree = "<group>"; };
		0EAB1AF11A2DA4D3008A0AE2 /* ActivityCollectionCell.h */ = {isa = PBXFileReference; fileEncoding = 4; lastKnownFileType = sourcecode.c.h; path = ActivityCollectionCell.h; sourceTree = "<group>"; };
		0EAB1AF21A2DA4D3008A0AE2 /* ActivityCollectionCell.m */ = {isa = PBXFileReference; fileEncoding = 4; lastKnownFileType = sourcecode.c.objc; path = ActivityCollectionCell.m; sourceTree = "<group>"; };
		0EAB1AF31A2DA4D3008A0AE2 /* ActivityReplyViewCell.h */ = {isa = PBXFileReference; fileEncoding = 4; lastKnownFileType = sourcecode.c.h; path = ActivityReplyViewCell.h; sourceTree = "<group>"; };
		0EAB1AF41A2DA4D3008A0AE2 /* ActivityReplyViewCell.m */ = {isa = PBXFileReference; fileEncoding = 4; lastKnownFileType = sourcecode.c.objc; path = ActivityReplyViewCell.m; sourceTree = "<group>"; };
		0EAB1AF71A2DA4D3008A0AE2 /* CFAvatarView.h */ = {isa = PBXFileReference; fileEncoding = 4; lastKnownFileType = sourcecode.c.h; path = CFAvatarView.h; sourceTree = "<group>"; };
		0EAB1AF81A2DA4D3008A0AE2 /* CFAvatarView.m */ = {isa = PBXFileReference; fileEncoding = 4; lastKnownFileType = sourcecode.c.objc; path = CFAvatarView.m; sourceTree = "<group>"; };
		0EAB1AFB1A2DA4D3008A0AE2 /* UITableGridViewCell.h */ = {isa = PBXFileReference; fileEncoding = 4; lastKnownFileType = sourcecode.c.h; path = UITableGridViewCell.h; sourceTree = "<group>"; };
		0EAB1AFC1A2DA4D3008A0AE2 /* UITableGridViewCell.m */ = {isa = PBXFileReference; fileEncoding = 4; lastKnownFileType = sourcecode.c.objc; path = UITableGridViewCell.m; sourceTree = "<group>"; };
		0EAB1AFE1A2DA4D3008A0AE2 /* HangoutDetailViewController.h */ = {isa = PBXFileReference; fileEncoding = 4; lastKnownFileType = sourcecode.c.h; path = HangoutDetailViewController.h; sourceTree = "<group>"; };
		0EAB1AFF1A2DA4D3008A0AE2 /* HangoutDetailViewController.m */ = {isa = PBXFileReference; fileEncoding = 4; lastKnownFileType = sourcecode.c.objc; path = HangoutDetailViewController.m; sourceTree = "<group>"; };
		0EAB1B2F1A2DA5D4008A0AE2 /* GoogleMaps.bundle */ = {isa = PBXFileReference; lastKnownFileType = "wrapper.plug-in"; name = GoogleMaps.bundle; path = GoogleMapsBundle/GoogleMaps.bundle; sourceTree = "<group>"; };
		0EAB1B311A2DA62C008A0AE2 /* AVFoundation.framework */ = {isa = PBXFileReference; lastKnownFileType = wrapper.framework; name = AVFoundation.framework; path = System/Library/Frameworks/AVFoundation.framework; sourceTree = SDKROOT; };
		0EAB1B331A2DA636008A0AE2 /* CoreData.framework */ = {isa = PBXFileReference; lastKnownFileType = wrapper.framework; name = CoreData.framework; path = System/Library/Frameworks/CoreData.framework; sourceTree = SDKROOT; };
		0EAB1B351A2DA63C008A0AE2 /* CoreLocation.framework */ = {isa = PBXFileReference; lastKnownFileType = wrapper.framework; name = CoreLocation.framework; path = System/Library/Frameworks/CoreLocation.framework; sourceTree = SDKROOT; };
		0EAB1B371A2DA645008A0AE2 /* CoreText.framework */ = {isa = PBXFileReference; lastKnownFileType = wrapper.framework; name = CoreText.framework; path = System/Library/Frameworks/CoreText.framework; sourceTree = SDKROOT; };
		0EAB1B391A2DA651008A0AE2 /* GLKit.framework */ = {isa = PBXFileReference; lastKnownFileType = wrapper.framework; name = GLKit.framework; path = System/Library/Frameworks/GLKit.framework; sourceTree = SDKROOT; };
		0EAB1B3B1A2DA65A008A0AE2 /* ImageIO.framework */ = {isa = PBXFileReference; lastKnownFileType = wrapper.framework; name = ImageIO.framework; path = System/Library/Frameworks/ImageIO.framework; sourceTree = SDKROOT; };
		0EAB1B3D1A2DA666008A0AE2 /* libc++.dylib */ = {isa = PBXFileReference; lastKnownFileType = "compiled.mach-o.dylib"; name = "libc++.dylib"; path = "usr/lib/libc++.dylib"; sourceTree = SDKROOT; };
		0EAB1B3F1A2DA674008A0AE2 /* libicucore.dylib */ = {isa = PBXFileReference; lastKnownFileType = "compiled.mach-o.dylib"; name = libicucore.dylib; path = usr/lib/libicucore.dylib; sourceTree = SDKROOT; };
		0EAB1B411A2DA67D008A0AE2 /* libz.dylib */ = {isa = PBXFileReference; lastKnownFileType = "compiled.mach-o.dylib"; name = libz.dylib; path = usr/lib/libz.dylib; sourceTree = SDKROOT; };
		0EAB1B431A2DA684008A0AE2 /* OpenGLES.framework */ = {isa = PBXFileReference; lastKnownFileType = wrapper.framework; name = OpenGLES.framework; path = System/Library/Frameworks/OpenGLES.framework; sourceTree = SDKROOT; };
		0EAB1B451A2DA68D008A0AE2 /* QuartzCore.framework */ = {isa = PBXFileReference; lastKnownFileType = wrapper.framework; name = QuartzCore.framework; path = System/Library/Frameworks/QuartzCore.framework; sourceTree = SDKROOT; };
		0EAB1B471A2DA697008A0AE2 /* SystemConfiguration.framework */ = {isa = PBXFileReference; lastKnownFileType = wrapper.framework; name = SystemConfiguration.framework; path = System/Library/Frameworks/SystemConfiguration.framework; sourceTree = SDKROOT; };
		0EAB1B491A2DA8C8008A0AE2 /* HangoutLocationViewController.h */ = {isa = PBXFileReference; fileEncoding = 4; lastKnownFileType = sourcecode.c.h; path = HangoutLocationViewController.h; sourceTree = "<group>"; };
		0EAB1B4A1A2DA8C8008A0AE2 /* HangoutLocationViewController.mm */ = {isa = PBXFileReference; fileEncoding = 4; lastKnownFileType = sourcecode.cpp.objcpp; path = HangoutLocationViewController.mm; sourceTree = "<group>"; };
		0ED8E3CC1A286BDF0072E833 /* Default-568h@2x.png */ = {isa = PBXFileReference; lastKnownFileType = image.png; path = "Default-568h@2x.png"; sourceTree = "<group>"; };
		0EDF7B4919E379B800C4E695 /* CoffeeAPITests.m */ = {isa = PBXFileReference; fileEncoding = 4; lastKnownFileType = sourcecode.c.objc; path = CoffeeAPITests.m; sourceTree = "<group>"; };
		0EDF7B5719E5223400C4E695 /* CoffeeTestCase.h */ = {isa = PBXFileReference; fileEncoding = 4; lastKnownFileType = sourcecode.c.h; path = CoffeeTestCase.h; sourceTree = "<group>"; };
		0EDF7B5819E5223400C4E695 /* CoffeeTestCase.m */ = {isa = PBXFileReference; fileEncoding = 4; lastKnownFileType = sourcecode.c.objc; path = CoffeeTestCase.m; sourceTree = "<group>"; };
		0EDF7B5A19E522F300C4E695 /* TestDataGenerator.h */ = {isa = PBXFileReference; fileEncoding = 4; lastKnownFileType = sourcecode.c.h; path = TestDataGenerator.h; sourceTree = "<group>"; };
		0EDF7B5B19E522F300C4E695 /* TestDataGenerator.m */ = {isa = PBXFileReference; fileEncoding = 4; lastKnownFileType = sourcecode.c.objc; path = TestDataGenerator.m; sourceTree = "<group>"; };
		1019B9891A3D6CB0001AF705 /* NA_Add_Accept.png */ = {isa = PBXFileReference; lastKnownFileType = image.png; name = NA_Add_Accept.png; path = NewActivity/NA_Add_Accept.png; sourceTree = "<group>"; };
		1019B98A1A3D6CB0001AF705 /* NA_Add_Pending.png */ = {isa = PBXFileReference; lastKnownFileType = image.png; name = NA_Add_Pending.png; path = NewActivity/NA_Add_Pending.png; sourceTree = "<group>"; };
		1019B98C1A3D6CB0001AF705 /* NA_Date_Accept.png */ = {isa = PBXFileReference; lastKnownFileType = image.png; name = NA_Date_Accept.png; path = NewActivity/NA_Date_Accept.png; sourceTree = "<group>"; };
		1019B98D1A3D6CB0001AF705 /* NA_Date_Pending.png */ = {isa = PBXFileReference; lastKnownFileType = image.png; name = NA_Date_Pending.png; path = NewActivity/NA_Date_Pending.png; sourceTree = "<group>"; };
		1019B98E1A3D6CB0001AF705 /* NA_Desc_Accept.png */ = {isa = PBXFileReference; lastKnownFileType = image.png; name = NA_Desc_Accept.png; path = NewActivity/NA_Desc_Accept.png; sourceTree = "<group>"; };
		1019B98F1A3D6CB0001AF705 /* NA_Desc_Pending.png */ = {isa = PBXFileReference; lastKnownFileType = image.png; name = NA_Desc_Pending.png; path = NewActivity/NA_Desc_Pending.png; sourceTree = "<group>"; };
		1019B9901A3D6CB0001AF705 /* NA_Location_Accept.png */ = {isa = PBXFileReference; lastKnownFileType = image.png; name = NA_Location_Accept.png; path = NewActivity/NA_Location_Accept.png; sourceTree = "<group>"; };
		1019B9911A3D6CB0001AF705 /* NA_Location_Pending.png */ = {isa = PBXFileReference; lastKnownFileType = image.png; name = NA_Location_Pending.png; path = NewActivity/NA_Location_Pending.png; sourceTree = "<group>"; };
		1019B9921A3D6CB0001AF705 /* NA_Time_Accept.png */ = {isa = PBXFileReference; lastKnownFileType = image.png; name = NA_Time_Accept.png; path = NewActivity/NA_Time_Accept.png; sourceTree = "<group>"; };
		1019B9931A3D6CB0001AF705 /* NA_Time_Pending.png */ = {isa = PBXFileReference; lastKnownFileType = image.png; name = NA_Time_Pending.png; path = NewActivity/NA_Time_Pending.png; sourceTree = "<group>"; };
		1019B99F1A3D8BD0001AF705 /* xiaowu.png */ = {isa = PBXFileReference; lastKnownFileType = image.png; name = xiaowu.png; path = Sample/xiaowu.png; sourceTree = "<group>"; };
		1022710E1A3DEF9B0041A65E /* Unselected.png */ = {isa = PBXFileReference; lastKnownFileType = image.png; name = Unselected.png; path = InviteFriends/Unselected.png; sourceTree = "<group>"; };
		105D8A9F1A401A1A001A8A13 /* Details_Pending_Big.png */ = {isa = PBXFileReference; lastKnownFileType = image.png; name = Details_Pending_Big.png; path = Details/Details_Pending_Big.png; sourceTree = "<group>"; };
		105D8AA11A401A3F001A8A13 /* Main_RightButton_Accept.png */ = {isa = PBXFileReference; lastKnownFileType = image.png; name = Main_RightButton_Accept.png; path = MainPage/Main_RightButton_Accept.png; sourceTree = "<group>"; };
		105D8AA21A401A3F001A8A13 /* Main_RightButton_Cancel.png */ = {isa = PBXFileReference; lastKnownFileType = image.png; name = Main_RightButton_Cancel.png; path = MainPage/Main_RightButton_Cancel.png; sourceTree = "<group>"; };
		105D8AA31A401A3F001A8A13 /* Main_RightButton_Delete.png */ = {isa = PBXFileReference; lastKnownFileType = image.png; name = Main_RightButton_Delete.png; path = MainPage/Main_RightButton_Delete.png; sourceTree = "<group>"; };
		105D8AA41A401A3F001A8A13 /* Main_RightButton_Pending.png */ = {isa = PBXFileReference; lastKnownFileType = image.png; name = Main_RightButton_Pending.png; path = MainPage/Main_RightButton_Pending.png; sourceTree = "<group>"; };
		105D8AAA1A402838001A8A13 /* ViewEnums.h */ = {isa = PBXFileReference; fileEncoding = 4; lastKnownFileType = sourcecode.c.h; name = ViewEnums.h; path = ViewModel/ViewEnums.h; sourceTree = "<group>"; };
		105D8AAB1A402838001A8A13 /* ViewEnums.m */ = {isa = PBXFileReference; fileEncoding = 4; lastKnownFileType = sourcecode.c.objc; name = ViewEnums.m; path = ViewModel/ViewEnums.m; sourceTree = "<group>"; };
		105D8AAE1A403D0A001A8A13 /* FakeData.h */ = {isa = PBXFileReference; fileEncoding = 4; lastKnownFileType = sourcecode.c.h; name = FakeData.h; path = Fake/FakeData.h; sourceTree = "<group>"; };
		105D8AAF1A403D0A001A8A13 /* FakeData.m */ = {isa = PBXFileReference; fileEncoding = 4; lastKnownFileType = sourcecode.c.objc; name = FakeData.m; path = Fake/FakeData.m; sourceTree = "<group>"; };
		1062BD811A2E248900C102CD /* BMapKit.h */ = {isa = PBXFileReference; fileEncoding = 4; lastKnownFileType = sourcecode.c.h; path = BMapKit.h; sourceTree = "<group>"; };
		1062BD821A2E248900C102CD /* BMKActionPaopaoView.h */ = {isa = PBXFileReference; fileEncoding = 4; lastKnownFileType = sourcecode.c.h; path = BMKActionPaopaoView.h; sourceTree = "<group>"; };
		1062BD831A2E248900C102CD /* BMKAnnotation.h */ = {isa = PBXFileReference; fileEncoding = 4; lastKnownFileType = sourcecode.c.h; path = BMKAnnotation.h; sourceTree = "<group>"; };
		1062BD841A2E248900C102CD /* BMKAnnotationView.h */ = {isa = PBXFileReference; fileEncoding = 4; lastKnownFileType = sourcecode.c.h; path = BMKAnnotationView.h; sourceTree = "<group>"; };
		1062BD851A2E248900C102CD /* BMKArcline.h */ = {isa = PBXFileReference; fileEncoding = 4; lastKnownFileType = sourcecode.c.h; path = BMKArcline.h; sourceTree = "<group>"; };
		1062BD861A2E248900C102CD /* BMKArclineView.h */ = {isa = PBXFileReference; fileEncoding = 4; lastKnownFileType = sourcecode.c.h; path = BMKArclineView.h; sourceTree = "<group>"; };
		1062BD871A2E248900C102CD /* BMKBaseComponent.h */ = {isa = PBXFileReference; fileEncoding = 4; lastKnownFileType = sourcecode.c.h; path = BMKBaseComponent.h; sourceTree = "<group>"; };
		1062BD881A2E248900C102CD /* BMKBusLineSearch.h */ = {isa = PBXFileReference; fileEncoding = 4; lastKnownFileType = sourcecode.c.h; path = BMKBusLineSearch.h; sourceTree = "<group>"; };
		1062BD891A2E248900C102CD /* BMKBusLineSearchOption.h */ = {isa = PBXFileReference; fileEncoding = 4; lastKnownFileType = sourcecode.c.h; path = BMKBusLineSearchOption.h; sourceTree = "<group>"; };
		1062BD8A1A2E248900C102CD /* BMKCircle.h */ = {isa = PBXFileReference; fileEncoding = 4; lastKnownFileType = sourcecode.c.h; path = BMKCircle.h; sourceTree = "<group>"; };
		1062BD8B1A2E248900C102CD /* BMKCircleView.h */ = {isa = PBXFileReference; fileEncoding = 4; lastKnownFileType = sourcecode.c.h; path = BMKCircleView.h; sourceTree = "<group>"; };
		1062BD8C1A2E248900C102CD /* BMKCloudPOIList.h */ = {isa = PBXFileReference; fileEncoding = 4; lastKnownFileType = sourcecode.c.h; path = BMKCloudPOIList.h; sourceTree = "<group>"; };
		1062BD8D1A2E248900C102CD /* BMKCloudSearch.h */ = {isa = PBXFileReference; fileEncoding = 4; lastKnownFileType = sourcecode.c.h; path = BMKCloudSearch.h; sourceTree = "<group>"; };
		1062BD8E1A2E248900C102CD /* BMKCloudSearchComponent.h */ = {isa = PBXFileReference; fileEncoding = 4; lastKnownFileType = sourcecode.c.h; path = BMKCloudSearchComponent.h; sourceTree = "<group>"; };
		1062BD8F1A2E248900C102CD /* BMKCloudSearchInfo.h */ = {isa = PBXFileReference; fileEncoding = 4; lastKnownFileType = sourcecode.c.h; path = BMKCloudSearchInfo.h; sourceTree = "<group>"; };
		1062BD901A2E248900C102CD /* BMKGeneralDelegate.h */ = {isa = PBXFileReference; fileEncoding = 4; lastKnownFileType = sourcecode.c.h; path = BMKGeneralDelegate.h; sourceTree = "<group>"; };
		1062BD911A2E248900C102CD /* BMKGeocodeSearch.h */ = {isa = PBXFileReference; fileEncoding = 4; lastKnownFileType = sourcecode.c.h; path = BMKGeocodeSearch.h; sourceTree = "<group>"; };
		1062BD921A2E248900C102CD /* BMKGeocodeSearchOption.h */ = {isa = PBXFileReference; fileEncoding = 4; lastKnownFileType = sourcecode.c.h; path = BMKGeocodeSearchOption.h; sourceTree = "<group>"; };
		1062BD931A2E248900C102CD /* BMKGeocodeType.h */ = {isa = PBXFileReference; fileEncoding = 4; lastKnownFileType = sourcecode.c.h; path = BMKGeocodeType.h; sourceTree = "<group>"; };
		1062BD941A2E248900C102CD /* BMKGeometry.h */ = {isa = PBXFileReference; fileEncoding = 4; lastKnownFileType = sourcecode.c.h; path = BMKGeometry.h; sourceTree = "<group>"; };
		1062BD951A2E248900C102CD /* BMKGradient.h */ = {isa = PBXFileReference; fileEncoding = 4; lastKnownFileType = sourcecode.c.h; path = BMKGradient.h; sourceTree = "<group>"; };
		1062BD961A2E248900C102CD /* BMKGroundOverlay.h */ = {isa = PBXFileReference; fileEncoding = 4; lastKnownFileType = sourcecode.c.h; path = BMKGroundOverlay.h; sourceTree = "<group>"; };
		1062BD971A2E248900C102CD /* BMKGroundOverlayView.h */ = {isa = PBXFileReference; fileEncoding = 4; lastKnownFileType = sourcecode.c.h; path = BMKGroundOverlayView.h; sourceTree = "<group>"; };
		1062BD981A2E248900C102CD /* BMKHeatMap.h */ = {isa = PBXFileReference; fileEncoding = 4; lastKnownFileType = sourcecode.c.h; path = BMKHeatMap.h; sourceTree = "<group>"; };
		1062BD991A2E248900C102CD /* BMKLocationComponent.h */ = {isa = PBXFileReference; fileEncoding = 4; lastKnownFileType = sourcecode.c.h; path = BMKLocationComponent.h; sourceTree = "<group>"; };
		1062BD9A1A2E248900C102CD /* BMKLocationService.h */ = {isa = PBXFileReference; fileEncoding = 4; lastKnownFileType = sourcecode.c.h; path = BMKLocationService.h; sourceTree = "<group>"; };
		1062BD9B1A2E248900C102CD /* BMKLocationViewDisplayParam.h */ = {isa = PBXFileReference; fileEncoding = 4; lastKnownFileType = sourcecode.c.h; path = BMKLocationViewDisplayParam.h; sourceTree = "<group>"; };
		1062BD9C1A2E248900C102CD /* BMKMapComponent.h */ = {isa = PBXFileReference; fileEncoding = 4; lastKnownFileType = sourcecode.c.h; path = BMKMapComponent.h; sourceTree = "<group>"; };
		1062BD9D1A2E248900C102CD /* BMKMapManager.h */ = {isa = PBXFileReference; fileEncoding = 4; lastKnownFileType = sourcecode.c.h; path = BMKMapManager.h; sourceTree = "<group>"; };
		1062BD9E1A2E248900C102CD /* BMKMapStatus.h */ = {isa = PBXFileReference; fileEncoding = 4; lastKnownFileType = sourcecode.c.h; path = BMKMapStatus.h; sourceTree = "<group>"; };
		1062BD9F1A2E248900C102CD /* BMKMapView.h */ = {isa = PBXFileReference; fileEncoding = 4; lastKnownFileType = sourcecode.c.h; path = BMKMapView.h; sourceTree = "<group>"; };
		1062BDA01A2E248900C102CD /* BMKMultiPoint.h */ = {isa = PBXFileReference; fileEncoding = 4; lastKnownFileType = sourcecode.c.h; path = BMKMultiPoint.h; sourceTree = "<group>"; };
		1062BDA11A2E248900C102CD /* BMKNavigation.h */ = {isa = PBXFileReference; fileEncoding = 4; lastKnownFileType = sourcecode.c.h; path = BMKNavigation.h; sourceTree = "<group>"; };
		1062BDA21A2E248900C102CD /* BMKOfflineMap.h */ = {isa = PBXFileReference; fileEncoding = 4; lastKnownFileType = sourcecode.c.h; path = BMKOfflineMap.h; sourceTree = "<group>"; };
		1062BDA31A2E248900C102CD /* BMKOfflineMapType.h */ = {isa = PBXFileReference; fileEncoding = 4; lastKnownFileType = sourcecode.c.h; path = BMKOfflineMapType.h; sourceTree = "<group>"; };
		1062BDA41A2E248900C102CD /* BMKOverlay.h */ = {isa = PBXFileReference; fileEncoding = 4; lastKnownFileType = sourcecode.c.h; path = BMKOverlay.h; sourceTree = "<group>"; };
		1062BDA51A2E248900C102CD /* BMKOverlayGLBasicView.h */ = {isa = PBXFileReference; fileEncoding = 4; lastKnownFileType = sourcecode.c.h; path = BMKOverlayGLBasicView.h; sourceTree = "<group>"; };
		1062BDA61A2E248900C102CD /* BMKOverlayPathView.h */ = {isa = PBXFileReference; fileEncoding = 4; lastKnownFileType = sourcecode.c.h; path = BMKOverlayPathView.h; sourceTree = "<group>"; };
		1062BDA71A2E248900C102CD /* BMKOverlayView.h */ = {isa = PBXFileReference; fileEncoding = 4; lastKnownFileType = sourcecode.c.h; path = BMKOverlayView.h; sourceTree = "<group>"; };
		1062BDA81A2E248900C102CD /* BMKPinAnnotationView.h */ = {isa = PBXFileReference; fileEncoding = 4; lastKnownFileType = sourcecode.c.h; path = BMKPinAnnotationView.h; sourceTree = "<group>"; };
		1062BDA91A2E248900C102CD /* BMKPointAnnotation.h */ = {isa = PBXFileReference; fileEncoding = 4; lastKnownFileType = sourcecode.c.h; path = BMKPointAnnotation.h; sourceTree = "<group>"; };
		1062BDAA1A2E248900C102CD /* BMKPoiSearch.h */ = {isa = PBXFileReference; fileEncoding = 4; lastKnownFileType = sourcecode.c.h; path = BMKPoiSearch.h; sourceTree = "<group>"; };
		1062BDAB1A2E248900C102CD /* BMKPoiSearchOption.h */ = {isa = PBXFileReference; fileEncoding = 4; lastKnownFileType = sourcecode.c.h; path = BMKPoiSearchOption.h; sourceTree = "<group>"; };
		1062BDAC1A2E248900C102CD /* BMKPoiSearchType.h */ = {isa = PBXFileReference; fileEncoding = 4; lastKnownFileType = sourcecode.c.h; path = BMKPoiSearchType.h; sourceTree = "<group>"; };
		1062BDAD1A2E248900C102CD /* BMKPolygon.h */ = {isa = PBXFileReference; fileEncoding = 4; lastKnownFileType = sourcecode.c.h; path = BMKPolygon.h; sourceTree = "<group>"; };
		1062BDAE1A2E248900C102CD /* BMKPolygonView.h */ = {isa = PBXFileReference; fileEncoding = 4; lastKnownFileType = sourcecode.c.h; path = BMKPolygonView.h; sourceTree = "<group>"; };
		1062BDAF1A2E248900C102CD /* BMKPolyline.h */ = {isa = PBXFileReference; fileEncoding = 4; lastKnownFileType = sourcecode.c.h; path = BMKPolyline.h; sourceTree = "<group>"; };
		1062BDB01A2E248900C102CD /* BMKPolylineView.h */ = {isa = PBXFileReference; fileEncoding = 4; lastKnownFileType = sourcecode.c.h; path = BMKPolylineView.h; sourceTree = "<group>"; };
		1062BDB11A2E248900C102CD /* BMKRouteSearch.h */ = {isa = PBXFileReference; fileEncoding = 4; lastKnownFileType = sourcecode.c.h; path = BMKRouteSearch.h; sourceTree = "<group>"; };
		1062BDB21A2E248900C102CD /* BMKRouteSearchOption.h */ = {isa = PBXFileReference; fileEncoding = 4; lastKnownFileType = sourcecode.c.h; path = BMKRouteSearchOption.h; sourceTree = "<group>"; };
		1062BDB31A2E248900C102CD /* BMKRouteSearchType.h */ = {isa = PBXFileReference; fileEncoding = 4; lastKnownFileType = sourcecode.c.h; path = BMKRouteSearchType.h; sourceTree = "<group>"; };
		1062BDB41A2E248900C102CD /* BMKSearchComponent.h */ = {isa = PBXFileReference; fileEncoding = 4; lastKnownFileType = sourcecode.c.h; path = BMKSearchComponent.h; sourceTree = "<group>"; };
		1062BDB51A2E248900C102CD /* BMKShape.h */ = {isa = PBXFileReference; fileEncoding = 4; lastKnownFileType = sourcecode.c.h; path = BMKShape.h; sourceTree = "<group>"; };
		1062BDB61A2E248900C102CD /* BMKShareURLSearch.h */ = {isa = PBXFileReference; fileEncoding = 4; lastKnownFileType = sourcecode.c.h; path = BMKShareURLSearch.h; sourceTree = "<group>"; };
		1062BDB71A2E248900C102CD /* BMKShareUrlSearchOption.h */ = {isa = PBXFileReference; fileEncoding = 4; lastKnownFileType = sourcecode.c.h; path = BMKShareUrlSearchOption.h; sourceTree = "<group>"; };
		1062BDB81A2E248900C102CD /* BMKSuggestionSearch.h */ = {isa = PBXFileReference; fileEncoding = 4; lastKnownFileType = sourcecode.c.h; path = BMKSuggestionSearch.h; sourceTree = "<group>"; };
		1062BDB91A2E248900C102CD /* BMKSuggestionSearchOption.h */ = {isa = PBXFileReference; fileEncoding = 4; lastKnownFileType = sourcecode.c.h; path = BMKSuggestionSearchOption.h; sourceTree = "<group>"; };
		1062BDBA1A2E248900C102CD /* BMKTypes.h */ = {isa = PBXFileReference; fileEncoding = 4; lastKnownFileType = sourcecode.c.h; path = BMKTypes.h; sourceTree = "<group>"; };
		1062BDBB1A2E248900C102CD /* BMKUserLocation.h */ = {isa = PBXFileReference; fileEncoding = 4; lastKnownFileType = sourcecode.c.h; path = BMKUserLocation.h; sourceTree = "<group>"; };
		1062BDBC1A2E248900C102CD /* BMKUtilsComponent.h */ = {isa = PBXFileReference; fileEncoding = 4; lastKnownFileType = sourcecode.c.h; path = BMKUtilsComponent.h; sourceTree = "<group>"; };
		1062BDBD1A2E248900C102CD /* BMKVersion.h */ = {isa = PBXFileReference; fileEncoding = 4; lastKnownFileType = sourcecode.c.h; path = BMKVersion.h; sourceTree = "<group>"; };
		1062BDBE1A2E24EA00C102CD /* mapapi.bundle */ = {isa = PBXFileReference; lastKnownFileType = "wrapper.plug-in"; name = mapapi.bundle; path = BaiduMap_IOSSDK_v2.5.0_Lib/mapapi.bundle; sourceTree = "<group>"; };
		1062BDC21A2E2B3C00C102CD /* libbaidumapapi.a */ = {isa = PBXFileReference; lastKnownFileType = archive.ar; name = libbaidumapapi.a; path = "BaiduMap_IOSSDK_v2.5.0_Lib/Release-iphoneos/libbaidumapapi.a"; sourceTree = "<group>"; };
		106842AE1A408B5700599CA0 /* UIHelper.h */ = {isa = PBXFileReference; fileEncoding = 4; lastKnownFileType = sourcecode.c.h; path = UIHelper.h; sourceTree = "<group>"; };
		106842AF1A408B5700599CA0 /* UIHelper.m */ = {isa = PBXFileReference; fileEncoding = 4; lastKnownFileType = sourcecode.c.objc; path = UIHelper.m; sourceTree = "<group>"; };
		106842B11A408DD500599CA0 /* HangoutHelper.h */ = {isa = PBXFileReference; fileEncoding = 4; lastKnownFileType = sourcecode.c.h; name = HangoutHelper.h; path = Helper/HangoutHelper.h; sourceTree = "<group>"; };
		106842B21A408DD500599CA0 /* HangoutHelper.m */ = {isa = PBXFileReference; fileEncoding = 4; lastKnownFileType = sourcecode.c.objc; name = HangoutHelper.m; path = Helper/HangoutHelper.m; sourceTree = "<group>"; };
		10A9341A1A2F50FB00B5323F /* Placeholder.h */ = {isa = PBXFileReference; fileEncoding = 4; lastKnownFileType = sourcecode.c.h; name = Placeholder.h; path = DataModels/Placeholder.h; sourceTree = "<group>"; };
		10A9341B1A2F50FB00B5323F /* Placeholder.m */ = {isa = PBXFileReference; fileEncoding = 4; lastKnownFileType = sourcecode.c.objc; name = Placeholder.m; path = DataModels/Placeholder.m; sourceTree = "<group>"; };
		10A9341D1A2F778000B5323F /* HangoutInvationViewController.h */ = {isa = PBXFileReference; fileEncoding = 4; lastKnownFileType = sourcecode.c.h; path = HangoutInvationViewController.h; sourceTree = "<group>"; };
		10A9341E1A2F778000B5323F /* HangoutInvationViewController.m */ = {isa = PBXFileReference; fileEncoding = 4; lastKnownFileType = sourcecode.c.objc; path = HangoutInvationViewController.m; sourceTree = "<group>"; };
		10A934201A2F77E500B5323F /* InvationTableCell.h */ = {isa = PBXFileReference; fileEncoding = 4; lastKnownFileType = sourcecode.c.h; path = InvationTableCell.h; sourceTree = "<group>"; };
		10A934211A2F77E500B5323F /* InvationTableCell.m */ = {isa = PBXFileReference; fileEncoding = 4; lastKnownFileType = sourcecode.c.objc; path = InvationTableCell.m; sourceTree = "<group>"; };
		10ABCBE51A2E1103004F9EB5 /* LocationTableCell.h */ = {isa = PBXFileReference; fileEncoding = 4; lastKnownFileType = sourcecode.c.h; path = LocationTableCell.h; sourceTree = "<group>"; };
		10ABCBE61A2E1103004F9EB5 /* LocationTableCell.m */ = {isa = PBXFileReference; fileEncoding = 4; lastKnownFileType = sourcecode.c.objc; path = LocationTableCell.m; sourceTree = "<group>"; };
		10CB282C1A41FD2E00164AF5 /* NA_Address_Pending.png */ = {isa = PBXFileReference; lastKnownFileType = image.png; name = NA_Address_Pending.png; path = NewActivity/NA_Address_Pending.png; sourceTree = "<group>"; };
		10CB282E1A41FF9600164AF5 /* NA_Address_Accept.png */ = {isa = PBXFileReference; lastKnownFileType = image.png; name = NA_Address_Accept.png; path = NewActivity/NA_Address_Accept.png; sourceTree = "<group>"; };
		10DF07CB1A3A10B000FADE2F /* Main_Accept_Button.png */ = {isa = PBXFileReference; lastKnownFileType = image.png; name = Main_Accept_Button.png; path = MainPage/Main_Accept_Button.png; sourceTree = "<group>"; };
		10DF07CC1A3A10B000FADE2F /* Main_Accept.png */ = {isa = PBXFileReference; lastKnownFileType = image.png; name = Main_Accept.png; path = MainPage/Main_Accept.png; sourceTree = "<group>"; };
		10DF07CD1A3A10B000FADE2F /* Main_Add.png */ = {isa = PBXFileReference; lastKnownFileType = image.png; name = Main_Add.png; path = MainPage/Main_Add.png; sourceTree = "<group>"; };
		10DF07CE1A3A10B000FADE2F /* Main_Cancel_Button.png */ = {isa = PBXFileReference; lastKnownFileType = image.png; name = Main_Cancel_Button.png; path = MainPage/Main_Cancel_Button.png; sourceTree = "<group>"; };
		10DF07CF1A3A10B000FADE2F /* Main_Cancel.png */ = {isa = PBXFileReference; lastKnownFileType = image.png; name = Main_Cancel.png; path = MainPage/Main_Cancel.png; sourceTree = "<group>"; };
		10DF07D01A3A10B000FADE2F /* Main_Pending_Button.png */ = {isa = PBXFileReference; lastKnownFileType = image.png; name = Main_Pending_Button.png; path = MainPage/Main_Pending_Button.png; sourceTree = "<group>"; };
		10DF07D11A3A10B000FADE2F /* Main_Pending.png */ = {isa = PBXFileReference; lastKnownFileType = image.png; name = Main_Pending.png; path = MainPage/Main_Pending.png; sourceTree = "<group>"; };
		10DF07D21A3A10B000FADE2F /* Main_Trash_Button.png */ = {isa = PBXFileReference; lastKnownFileType = image.png; name = Main_Trash_Button.png; path = MainPage/Main_Trash_Button.png; sourceTree = "<group>"; };
		10DF07E21A3A279700FADE2F /* Sample_Achie.jpg */ = {isa = PBXFileReference; lastKnownFileType = image.jpeg; name = Sample_Achie.jpg; path = Sample/Sample_Achie.jpg; sourceTree = "<group>"; };
		10DF07E31A3A279700FADE2F /* Sample_Audi.jpg */ = {isa = PBXFileReference; lastKnownFileType = image.jpeg; name = Sample_Audi.jpg; path = Sample/Sample_Audi.jpg; sourceTree = "<group>"; };
		10DF07E41A3A279700FADE2F /* Sample_Glass.jpg */ = {isa = PBXFileReference; lastKnownFileType = image.jpeg; name = Sample_Glass.jpg; path = Sample/Sample_Glass.jpg; sourceTree = "<group>"; };
		10DF07E51A3A279700FADE2F /* Sample_Rae.jpg */ = {isa = PBXFileReference; lastKnownFileType = image.jpeg; name = Sample_Rae.jpg; path = Sample/Sample_Rae.jpg; sourceTree = "<group>"; };
		10DF07E61A3A279700FADE2F /* Sample_Sofang.jpg */ = {isa = PBXFileReference; lastKnownFileType = image.jpeg; name = Sample_Sofang.jpg; path = Sample/Sample_Sofang.jpg; sourceTree = "<group>"; };
		10DF07EC1A3A2C1300FADE2F /* Main_Accept_Temp.png */ = {isa = PBXFileReference; lastKnownFileType = image.png; name = Main_Accept_Temp.png; path = MainPage/Main_Accept_Temp.png; sourceTree = "<group>"; };
		10DF07ED1A3A2C1300FADE2F /* Main_Cancel_Temp.png */ = {isa = PBXFileReference; lastKnownFileType = image.png; name = Main_Cancel_Temp.png; path = MainPage/Main_Cancel_Temp.png; sourceTree = "<group>"; };
		10DF07EE1A3A2C1300FADE2F /* Main_Trash_Temp.png */ = {isa = PBXFileReference; lastKnownFileType = image.png; name = Main_Trash_Temp.png; path = MainPage/Main_Trash_Temp.png; sourceTree = "<group>"; };
		10DF07F31A3A2F0B00FADE2F /* Activity_Coffee.png */ = {isa = PBXFileReference; lastKnownFileType = image.png; name = Activity_Coffee.png; path = Activity/Activity_Coffee.png; sourceTree = "<group>"; };
		10DF07F41A3A2F0B00FADE2F /* Activity_Dinner.png */ = {isa = PBXFileReference; lastKnownFileType = image.png; name = Activity_Dinner.png; path = Activity/Activity_Dinner.png; sourceTree = "<group>"; };
		10DF07F51A3A2F0B00FADE2F /* Activity_KTV.png */ = {isa = PBXFileReference; lastKnownFileType = image.png; name = Activity_KTV.png; path = Activity/Activity_KTV.png; sourceTree = "<group>"; };
		10DF07F61A3A2F0B00FADE2F /* Activity_Movie.png */ = {isa = PBXFileReference; lastKnownFileType = image.png; name = Activity_Movie.png; path = Activity/Activity_Movie.png; sourceTree = "<group>"; };
		10DF07F71A3A2F0B00FADE2F /* Activity_Shopping.png */ = {isa = PBXFileReference; lastKnownFileType = image.png; name = Activity_Shopping.png; path = Activity/Activity_Shopping.png; sourceTree = "<group>"; };
		10DF07F81A3A2F0B00FADE2F /* Activity_Shower.png */ = {isa = PBXFileReference; lastKnownFileType = image.png; name = Activity_Shower.png; path = Activity/Activity_Shower.png; sourceTree = "<group>"; };
		10DF08001A3AB93E00FADE2F /* Details_Accept.png */ = {isa = PBXFileReference; lastKnownFileType = image.png; name = Details_Accept.png; path = Details/Details_Accept.png; sourceTree = "<group>"; };
		10DF08011A3AB93E00FADE2F /* Details_Accepticon.png */ = {isa = PBXFileReference; lastKnownFileType = image.png; name = Details_Accepticon.png; path = Details/Details_Accepticon.png; sourceTree = "<group>"; };
		10DF08021A3AB93E00FADE2F /* Details_Addressicon.png */ = {isa = PBXFileReference; lastKnownFileType = image.png; name = Details_Addressicon.png; path = Details/Details_Addressicon.png; sourceTree = "<group>"; };
		10DF08031A3AB93E00FADE2F /* Details_Back.png */ = {isa = PBXFileReference; lastKnownFileType = image.png; name = Details_Back.png; path = Details/Details_Back.png; sourceTree = "<group>"; };
		10DF08041A3AB93E00FADE2F /* Details_Cancel.png */ = {isa = PBXFileReference; lastKnownFileType = image.png; name = Details_Cancel.png; path = Details/Details_Cancel.png; sourceTree = "<group>"; };
		10DF08051A3AB93E00FADE2F /* Details_Cancelicon.png */ = {isa = PBXFileReference; lastKnownFileType = image.png; name = Details_Cancelicon.png; path = Details/Details_Cancelicon.png; sourceTree = "<group>"; };
		10DF08061A3AB93E00FADE2F /* Details_Editicon.png */ = {isa = PBXFileReference; lastKnownFileType = image.png; name = Details_Editicon.png; path = Details/Details_Editicon.png; sourceTree = "<group>"; };
		10DF08071A3AB93E00FADE2F /* Details_Pending.png */ = {isa = PBXFileReference; lastKnownFileType = image.png; name = Details_Pending.png; path = Details/Details_Pending.png; sourceTree = "<group>"; };
		10DF08081A3AB93E00FADE2F /* Details_Pendingicon.png */ = {isa = PBXFileReference; lastKnownFileType = image.png; name = Details_Pendingicon.png; path = Details/Details_Pendingicon.png; sourceTree = "<group>"; };
		10DF08121A3AB95700FADE2F /* Coffee_Big.png */ = {isa = PBXFileReference; lastKnownFileType = image.png; name = Coffee_Big.png; path = Activity/Coffee_Big.png; sourceTree = "<group>"; };
		10DF08131A3AB95700FADE2F /* Dinner_Big.png */ = {isa = PBXFileReference; lastKnownFileType = image.png; name = Dinner_Big.png; path = Activity/Dinner_Big.png; sourceTree = "<group>"; };
		10DF08141A3AB95700FADE2F /* KTV_Big.png */ = {isa = PBXFileReference; lastKnownFileType = image.png; name = KTV_Big.png; path = Activity/KTV_Big.png; sourceTree = "<group>"; };
		10DF08151A3AB95700FADE2F /* Movie_Big.png */ = {isa = PBXFileReference; lastKnownFileType = image.png; name = Movie_Big.png; path = Activity/Movie_Big.png; sourceTree = "<group>"; };
		10DF08161A3AB95700FADE2F /* Shopping_Big.png */ = {isa = PBXFileReference; lastKnownFileType = image.png; name = Shopping_Big.png; path = Activity/Shopping_Big.png; sourceTree = "<group>"; };
		10DF08171A3AB95700FADE2F /* Shower_Big.png */ = {isa = PBXFileReference; lastKnownFileType = image.png; name = Shower_Big.png; path = Activity/Shower_Big.png; sourceTree = "<group>"; };
		10DF081E1A3B6D0000FADE2F /* Details_Accept_Big.png */ = {isa = PBXFileReference; lastKnownFileType = image.png; name = Details_Accept_Big.png; path = Details/Details_Accept_Big.png; sourceTree = "<group>"; };
		10DF081F1A3B6D0000FADE2F /* Details_Cancel_Big.png */ = {isa = PBXFileReference; lastKnownFileType = image.png; name = Details_Cancel_Big.png; path = Details/Details_Cancel_Big.png; sourceTree = "<group>"; };
		10DF08221A3B76EB00FADE2F /* AddressButton.png */ = {isa = PBXFileReference; lastKnownFileType = image.png; name = AddressButton.png; path = Details/AddressButton.png; sourceTree = "<group>"; };
		10DF08241A3C1A9F00FADE2F /* Address_Pending.png */ = {isa = PBXFileReference; lastKnownFileType = image.png; name = Address_Pending.png; path = Details/Address_Pending.png; sourceTree = "<group>"; };
		10FBF3101A35EDE300BDE177 /* NewActivityViewControllerV2.h */ = {isa = PBXFileReference; fileEncoding = 4; lastKnownFileType = sourcecode.c.h; name = NewActivityViewControllerV2.h; path = HangoutViewController/NewActivityViewControllerV2.h; sourceTree = "<group>"; };
		10FBF3111A35EDE300BDE177 /* NewActivityViewControllerV2.m */ = {isa = PBXFileReference; fileEncoding = 4; lastKnownFileType = sourcecode.c.objc; name = NewActivityViewControllerV2.m; path = HangoutViewController/NewActivityViewControllerV2.m; sourceTree = "<group>"; };
		10FBF3131A35F61000BDE177 /* ok.png */ = {isa = PBXFileReference; lastKnownFileType = image.png; path = ok.png; sourceTree = "<group>"; };
		10FBF3151A3602CA00BDE177 /* close.png */ = {isa = PBXFileReference; lastKnownFileType = image.png; path = close.png; sourceTree = "<group>"; };
		10FBF3181A36084400BDE177 /* Trapezoid.h */ = {isa = PBXFileReference; fileEncoding = 4; lastKnownFileType = sourcecode.c.h; name = Trapezoid.h; path = Common/Trapezoid.h; sourceTree = "<group>"; };
		10FBF3191A36084400BDE177 /* Trapezoid.m */ = {isa = PBXFileReference; fileEncoding = 4; lastKnownFileType = sourcecode.c.objc; name = Trapezoid.m; path = Common/Trapezoid.m; sourceTree = "<group>"; };
		10FBF31E1A36088300BDE177 /* Trapezoid1.h */ = {isa = PBXFileReference; fileEncoding = 4; lastKnownFileType = sourcecode.c.h; name = Trapezoid1.h; path = Common/Trapezoid1.h; sourceTree = "<group>"; };
		10FBF31F1A36088300BDE177 /* Trapezoid1.m */ = {isa = PBXFileReference; fileEncoding = 4; lastKnownFileType = sourcecode.c.objc; name = Trapezoid1.m; path = Common/Trapezoid1.m; sourceTree = "<group>"; };
		10FEA93A1A31FBB2001762B3 /* add.png */ = {isa = PBXFileReference; lastKnownFileType = image.png; path = add.png; sourceTree = "<group>"; };
		10FEA93C1A321149001762B3 /* HangoutViewControllerV2.h */ = {isa = PBXFileReference; fileEncoding = 4; lastKnownFileType = sourcecode.c.h; path = HangoutViewControllerV2.h; sourceTree = "<group>"; };
		10FEA93D1A321149001762B3 /* HangoutViewControllerV2.m */ = {isa = PBXFileReference; fileEncoding = 4; lastKnownFileType = sourcecode.c.objc; path = HangoutViewControllerV2.m; sourceTree = "<group>"; };
		10FEA93F1A3212F1001762B3 /* HangoutSWTableCell.h */ = {isa = PBXFileReference; fileEncoding = 4; lastKnownFileType = sourcecode.c.h; path = HangoutSWTableCell.h; sourceTree = "<group>"; };
		10FEA9401A3212F1001762B3 /* HangoutSWTableCell.m */ = {isa = PBXFileReference; fileEncoding = 4; lastKnownFileType = sourcecode.c.objc; path = HangoutSWTableCell.m; sourceTree = "<group>"; };
		336ACB363929E815CA0DDFD4 /* Pods-coffeeTests.release.xcconfig */ = {isa = PBXFileReference; includeInIndex = 1; lastKnownFileType = text.xcconfig; name = "Pods-coffeeTests.release.xcconfig"; path = "Pods/Target Support Files/Pods-coffeeTests/Pods-coffeeTests.release.xcconfig"; sourceTree = "<group>"; };
		453F28ABF56FE980E3185D35 /* libPods-coffeeTests.a */ = {isa = PBXFileReference; explicitFileType = archive.ar; includeInIndex = 0; path = "libPods-coffeeTests.a"; sourceTree = BUILT_PRODUCTS_DIR; };
		597921EC47B53B0F4D7162C3 /* libPods-coffee.a */ = {isa = PBXFileReference; explicitFileType = archive.ar; includeInIndex = 0; path = "libPods-coffee.a"; sourceTree = BUILT_PRODUCTS_DIR; };
		97A3363D3656E1B8D55B498B /* Pods-coffee.release.xcconfig */ = {isa = PBXFileReference; includeInIndex = 1; lastKnownFileType = text.xcconfig; name = "Pods-coffee.release.xcconfig"; path = "Pods/Target Support Files/Pods-coffee/Pods-coffee.release.xcconfig"; sourceTree = "<group>"; };
		CE82DABDAC9F0101535CCDF2 /* Pods-coffeeTests.debug.xcconfig */ = {isa = PBXFileReference; includeInIndex = 1; lastKnownFileType = text.xcconfig; name = "Pods-coffeeTests.debug.xcconfig"; path = "Pods/Target Support Files/Pods-coffeeTests/Pods-coffeeTests.debug.xcconfig"; sourceTree = "<group>"; };
/* End PBXFileReference section */

/* Begin PBXFrameworksBuildPhase section */
		0E07530319E2254F00B17408 /* Frameworks */ = {
			isa = PBXFrameworksBuildPhase;
			buildActionMask = 2147483647;
			files = (
				0EAB1B481A2DA697008A0AE2 /* SystemConfiguration.framework in Frameworks */,
				0EAB1B461A2DA68D008A0AE2 /* QuartzCore.framework in Frameworks */,
				0EAB1B441A2DA685008A0AE2 /* OpenGLES.framework in Frameworks */,
				0EAB1B421A2DA67D008A0AE2 /* libz.dylib in Frameworks */,
				0EAB1B401A2DA674008A0AE2 /* libicucore.dylib in Frameworks */,
				0EAB1B3E1A2DA666008A0AE2 /* libc++.dylib in Frameworks */,
				0EAB1B3C1A2DA65A008A0AE2 /* ImageIO.framework in Frameworks */,
				1062BDC31A2E2B3C00C102CD /* libbaidumapapi.a in Frameworks */,
				0EAB1B3A1A2DA651008A0AE2 /* GLKit.framework in Frameworks */,
				0EAB1B381A2DA645008A0AE2 /* CoreText.framework in Frameworks */,
				0EAB1B361A2DA63C008A0AE2 /* CoreLocation.framework in Frameworks */,
				0EAB1B341A2DA636008A0AE2 /* CoreData.framework in Frameworks */,
				0EAB1B321A2DA62C008A0AE2 /* AVFoundation.framework in Frameworks */,
				0EAB1ABB1A2DA303008A0AE2 /* GoogleMaps.framework in Frameworks */,
				1E4DB0B9E474BD38095FDFBB /* libPods-coffee.a in Frameworks */,
			);
			runOnlyForDeploymentPostprocessing = 0;
		};
		0E07531C19E2254F00B17408 /* Frameworks */ = {
			isa = PBXFrameworksBuildPhase;
			buildActionMask = 2147483647;
			files = (
				975A5BCAA7EC0864334E9D47 /* libPods-coffeeTests.a in Frameworks */,
			);
			runOnlyForDeploymentPostprocessing = 0;
		};
/* End PBXFrameworksBuildPhase section */

/* Begin PBXGroup section */
		0E0752FD19E2254F00B17408 = {
			isa = PBXGroup;
			children = (
				1062BD801A2E248900C102CD /* inc */,
				0EAB1B2A1A2DA51F008A0AE2 /* MapsBundle */,
				0EAB1ABD1A2DA4D3008A0AE2 /* coffee */,
				0ED8E3CC1A286BDF0072E833 /* Default-568h@2x.png */,
				105D8AAD1A403CB7001A8A13 /* Fake */,
				0E07532219E2254F00B17408 /* coffeeTests */,
				0E07530719E2254F00B17408 /* Products */,
				D9FDC0BB979BF331C82B7B97 /* Pods */,
				95866A0C9ADE15C8E2FBB201 /* Frameworks */,
			);
			sourceTree = "<group>";
		};
		0E07530719E2254F00B17408 /* Products */ = {
			isa = PBXGroup;
			children = (
				0E07530619E2254F00B17408 /* coffee.app */,
				0E07531F19E2254F00B17408 /* coffeeTests.xctest */,
			);
			name = Products;
			sourceTree = "<group>";
		};
		0E07532219E2254F00B17408 /* coffeeTests */ = {
			isa = PBXGroup;
			children = (
				0EDF7B5619E5223400C4E695 /* Helpers */,
				0E07532519E2254F00B17408 /* DataModelsTests.m */,
				0EDF7B4919E379B800C4E695 /* CoffeeAPITests.m */,
				0E07532319E2254F00B17408 /* Supporting Files */,
			);
			path = coffeeTests;
			sourceTree = "<group>";
		};
		0E07532319E2254F00B17408 /* Supporting Files */ = {
			isa = PBXGroup;
			children = (
				0E07532419E2254F00B17408 /* Info.plist */,
			);
			name = "Supporting Files";
			sourceTree = "<group>";
		};
		0EAB1ABD1A2DA4D3008A0AE2 /* coffee */ = {
			isa = PBXGroup;
			children = (
				105D8AA91A4027FA001A8A13 /* ViewModel */,
				0EAB1ABE1A2DA4D3008A0AE2 /* AppDelegate.h */,
				0EAB1ABF1A2DA4D3008A0AE2 /* AppDelegate.m */,
				0EAB1AC01A2DA4D3008A0AE2 /* CoffeeAPI */,
				0EAB1AC71A2DA4D3008A0AE2 /* DataModels */,
				0EAB1AD51A2DA4D3008A0AE2 /* Images.xcassets */,
				0EAB1AD61A2DA4D3008A0AE2 /* Info.plist */,
				0EAB1AD71A2DA4D3008A0AE2 /* main.m */,
				0EAB1AD81A2DA4D3008A0AE2 /* Main.storyboard */,
				0EAB1ADB1A2DA4D3008A0AE2 /* Resource */,
				0EAB1AF01A2DA4D3008A0AE2 /* UIKit */,
				0EAB1AFD1A2DA4D3008A0AE2 /* ViewControllers */,
			);
			path = coffee;
			sourceTree = "<group>";
		};
		0EAB1AC01A2DA4D3008A0AE2 /* CoffeeAPI */ = {
			isa = PBXGroup;
			children = (
				0EAB1AC11A2DA4D3008A0AE2 /* CoffeeAPI.h */,
				0EAB1AC21A2DA4D3008A0AE2 /* CoffeeAPI.m */,
				0EAB1AC31A2DA4D3008A0AE2 /* CoffeeAPIError.h */,
				0EAB1AC41A2DA4D3008A0AE2 /* CoffeeAPIError.m */,
				0EAB1AC51A2DA4D3008A0AE2 /* JSONModelRequestSerializer.h */,
				0EAB1AC61A2DA4D3008A0AE2 /* JSONModelRequestSerializer.m */,
			);
			path = CoffeeAPI;
			sourceTree = "<group>";
		};
		0EAB1AC71A2DA4D3008A0AE2 /* DataModels */ = {
			isa = PBXGroup;
			children = (
				0EAB1AC81A2DA4D3008A0AE2 /* Bases.h */,
				0EAB1AC91A2DA4D3008A0AE2 /* Bases.m */,
				0EAB1ACA1A2DA4D3008A0AE2 /* DataModels.h */,
				0EAB1ACB1A2DA4D3008A0AE2 /* Enums.h */,
				0EAB1ACC1A2DA4D3008A0AE2 /* Enums.m */,
				0EAB1ACD1A2DA4D3008A0AE2 /* Group.h */,
				0EAB1ACE1A2DA4D3008A0AE2 /* Group.m */,
				0EAB1ACF1A2DA4D3008A0AE2 /* Hangout.h */,
				0EAB1AD01A2DA4D3008A0AE2 /* Hangout.m */,
				0EAB1AD11A2DA4D3008A0AE2 /* User.h */,
				0EAB1AD21A2DA4D3008A0AE2 /* User.m */,
			);
			path = DataModels;
			sourceTree = "<group>";
		};
		0EAB1ADB1A2DA4D3008A0AE2 /* Resource */ = {
			isa = PBXGroup;
			children = (
				1022710D1A3DEF8C0041A65E /* InviteFriends */,
				1019B9881A3D6C9D001AF705 /* NewActivity */,
				10DF07FF1A3AB92A00FADE2F /* Details */,
				10DF07F21A3A2EF700FADE2F /* Activity */,
				10DF07E11A3A277000FADE2F /* Sample */,
				10DF07C41A3A0F3600FADE2F /* MainPage */,
				10FBF3151A3602CA00BDE177 /* close.png */,
				10FBF3131A35F61000BDE177 /* ok.png */,
				10FEA93A1A31FBB2001762B3 /* add.png */,
				0EAB1ADC1A2DA4D3008A0AE2 /* accept.png */,
			);
			path = Resource;
			sourceTree = "<group>";
		};
		0EAB1AF01A2DA4D3008A0AE2 /* UIKit */ = {
			isa = PBXGroup;
			children = (
				10FBF3171A3607D300BDE177 /* Common */,
				0EAB1AF11A2DA4D3008A0AE2 /* ActivityCollectionCell.h */,
				0EAB1AF21A2DA4D3008A0AE2 /* ActivityCollectionCell.m */,
				0EAB1AF31A2DA4D3008A0AE2 /* ActivityReplyViewCell.h */,
				0EAB1AF41A2DA4D3008A0AE2 /* ActivityReplyViewCell.m */,
				0EAB1AF71A2DA4D3008A0AE2 /* CFAvatarView.h */,
				0EAB1AF81A2DA4D3008A0AE2 /* CFAvatarView.m */,
				0EAB1AFB1A2DA4D3008A0AE2 /* UITableGridViewCell.h */,
				0EAB1AFC1A2DA4D3008A0AE2 /* UITableGridViewCell.m */,
				10ABCBE51A2E1103004F9EB5 /* LocationTableCell.h */,
				10ABCBE61A2E1103004F9EB5 /* LocationTableCell.m */,
				10A934201A2F77E500B5323F /* InvationTableCell.h */,
				10A934211A2F77E500B5323F /* InvationTableCell.m */,
				10FEA93F1A3212F1001762B3 /* HangoutSWTableCell.h */,
				10FEA9401A3212F1001762B3 /* HangoutSWTableCell.m */,
			);
			path = UIKit;
			sourceTree = "<group>";
		};
		0EAB1AFD1A2DA4D3008A0AE2 /* ViewControllers */ = {
			isa = PBXGroup;
			children = (
				106842AD1A408B2200599CA0 /* Helper */,
				10FBF30F1A35ED7D00BDE177 /* HangoutViewController */,
				0EAB1AFE1A2DA4D3008A0AE2 /* HangoutDetailViewController.h */,
				0EAB1AFF1A2DA4D3008A0AE2 /* HangoutDetailViewController.m */,
				0EAB1B491A2DA8C8008A0AE2 /* HangoutLocationViewController.h */,
				0EAB1B4A1A2DA8C8008A0AE2 /* HangoutLocationViewController.mm */,
				10A9341D1A2F778000B5323F /* HangoutInvationViewController.h */,
				10A9341E1A2F778000B5323F /* HangoutInvationViewController.m */,
				10FEA93C1A321149001762B3 /* HangoutViewControllerV2.h */,
				10FEA93D1A321149001762B3 /* HangoutViewControllerV2.m */,
			);
			path = ViewControllers;
			sourceTree = "<group>";
		};
		0EAB1B2A1A2DA51F008A0AE2 /* MapsBundle */ = {
			isa = PBXGroup;
			children = (
				1062BDBE1A2E24EA00C102CD /* mapapi.bundle */,
				0EAB1B2F1A2DA5D4008A0AE2 /* GoogleMaps.bundle */,
			);
			name = MapsBundle;
			sourceTree = "<group>";
		};
		0EDF7B5619E5223400C4E695 /* Helpers */ = {
			isa = PBXGroup;
			children = (
				0EDF7B5719E5223400C4E695 /* CoffeeTestCase.h */,
				0EDF7B5819E5223400C4E695 /* CoffeeTestCase.m */,
				0EDF7B5A19E522F300C4E695 /* TestDataGenerator.h */,
				0EDF7B5B19E522F300C4E695 /* TestDataGenerator.m */,
			);
			path = Helpers;
			sourceTree = "<group>";
		};
		1019B9881A3D6C9D001AF705 /* NewActivity */ = {
			isa = PBXGroup;
			children = (
				10CB282E1A41FF9600164AF5 /* NA_Address_Accept.png */,
				10CB282C1A41FD2E00164AF5 /* NA_Address_Pending.png */,
				1019B9891A3D6CB0001AF705 /* NA_Add_Accept.png */,
				1019B98A1A3D6CB0001AF705 /* NA_Add_Pending.png */,
				1019B98C1A3D6CB0001AF705 /* NA_Date_Accept.png */,
				1019B98D1A3D6CB0001AF705 /* NA_Date_Pending.png */,
				1019B98E1A3D6CB0001AF705 /* NA_Desc_Accept.png */,
				1019B98F1A3D6CB0001AF705 /* NA_Desc_Pending.png */,
				1019B9901A3D6CB0001AF705 /* NA_Location_Accept.png */,
				1019B9911A3D6CB0001AF705 /* NA_Location_Pending.png */,
				1019B9921A3D6CB0001AF705 /* NA_Time_Accept.png */,
				1019B9931A3D6CB0001AF705 /* NA_Time_Pending.png */,
			);
			name = NewActivity;
			sourceTree = "<group>";
		};
		1022710D1A3DEF8C0041A65E /* InviteFriends */ = {
			isa = PBXGroup;
			children = (
				1022710E1A3DEF9B0041A65E /* Unselected.png */,
			);
			name = InviteFriends;
			sourceTree = "<group>";
		};
		105D8AA91A4027FA001A8A13 /* ViewModel */ = {
			isa = PBXGroup;
			children = (
				10A9341A1A2F50FB00B5323F /* Placeholder.h */,
				10A9341B1A2F50FB00B5323F /* Placeholder.m */,
				105D8AAA1A402838001A8A13 /* ViewEnums.h */,
				105D8AAB1A402838001A8A13 /* ViewEnums.m */,
			);
			name = ViewModel;
			sourceTree = "<group>";
		};
		105D8AAD1A403CB7001A8A13 /* Fake */ = {
			isa = PBXGroup;
			children = (
				105D8AAE1A403D0A001A8A13 /* FakeData.h */,
				105D8AAF1A403D0A001A8A13 /* FakeData.m */,
			);
			name = Fake;
			path = coffee;
			sourceTree = "<group>";
		};
		1062BD801A2E248900C102CD /* inc */ = {
			isa = PBXGroup;
			children = (
				1062BD811A2E248900C102CD /* BMapKit.h */,
				1062BD821A2E248900C102CD /* BMKActionPaopaoView.h */,
				1062BD831A2E248900C102CD /* BMKAnnotation.h */,
				1062BD841A2E248900C102CD /* BMKAnnotationView.h */,
				1062BD851A2E248900C102CD /* BMKArcline.h */,
				1062BD861A2E248900C102CD /* BMKArclineView.h */,
				1062BD871A2E248900C102CD /* BMKBaseComponent.h */,
				1062BD881A2E248900C102CD /* BMKBusLineSearch.h */,
				1062BD891A2E248900C102CD /* BMKBusLineSearchOption.h */,
				1062BD8A1A2E248900C102CD /* BMKCircle.h */,
				1062BD8B1A2E248900C102CD /* BMKCircleView.h */,
				1062BD8C1A2E248900C102CD /* BMKCloudPOIList.h */,
				1062BD8D1A2E248900C102CD /* BMKCloudSearch.h */,
				1062BD8E1A2E248900C102CD /* BMKCloudSearchComponent.h */,
				1062BD8F1A2E248900C102CD /* BMKCloudSearchInfo.h */,
				1062BD901A2E248900C102CD /* BMKGeneralDelegate.h */,
				1062BD911A2E248900C102CD /* BMKGeocodeSearch.h */,
				1062BD921A2E248900C102CD /* BMKGeocodeSearchOption.h */,
				1062BD931A2E248900C102CD /* BMKGeocodeType.h */,
				1062BD941A2E248900C102CD /* BMKGeometry.h */,
				1062BD951A2E248900C102CD /* BMKGradient.h */,
				1062BD961A2E248900C102CD /* BMKGroundOverlay.h */,
				1062BD971A2E248900C102CD /* BMKGroundOverlayView.h */,
				1062BD981A2E248900C102CD /* BMKHeatMap.h */,
				1062BD991A2E248900C102CD /* BMKLocationComponent.h */,
				1062BD9A1A2E248900C102CD /* BMKLocationService.h */,
				1062BD9B1A2E248900C102CD /* BMKLocationViewDisplayParam.h */,
				1062BD9C1A2E248900C102CD /* BMKMapComponent.h */,
				1062BD9D1A2E248900C102CD /* BMKMapManager.h */,
				1062BD9E1A2E248900C102CD /* BMKMapStatus.h */,
				1062BD9F1A2E248900C102CD /* BMKMapView.h */,
				1062BDA01A2E248900C102CD /* BMKMultiPoint.h */,
				1062BDA11A2E248900C102CD /* BMKNavigation.h */,
				1062BDA21A2E248900C102CD /* BMKOfflineMap.h */,
				1062BDA31A2E248900C102CD /* BMKOfflineMapType.h */,
				1062BDA41A2E248900C102CD /* BMKOverlay.h */,
				1062BDA51A2E248900C102CD /* BMKOverlayGLBasicView.h */,
				1062BDA61A2E248900C102CD /* BMKOverlayPathView.h */,
				1062BDA71A2E248900C102CD /* BMKOverlayView.h */,
				1062BDA81A2E248900C102CD /* BMKPinAnnotationView.h */,
				1062BDA91A2E248900C102CD /* BMKPointAnnotation.h */,
				1062BDAA1A2E248900C102CD /* BMKPoiSearch.h */,
				1062BDAB1A2E248900C102CD /* BMKPoiSearchOption.h */,
				1062BDAC1A2E248900C102CD /* BMKPoiSearchType.h */,
				1062BDAD1A2E248900C102CD /* BMKPolygon.h */,
				1062BDAE1A2E248900C102CD /* BMKPolygonView.h */,
				1062BDAF1A2E248900C102CD /* BMKPolyline.h */,
				1062BDB01A2E248900C102CD /* BMKPolylineView.h */,
				1062BDB11A2E248900C102CD /* BMKRouteSearch.h */,
				1062BDB21A2E248900C102CD /* BMKRouteSearchOption.h */,
				1062BDB31A2E248900C102CD /* BMKRouteSearchType.h */,
				1062BDB41A2E248900C102CD /* BMKSearchComponent.h */,
				1062BDB51A2E248900C102CD /* BMKShape.h */,
				1062BDB61A2E248900C102CD /* BMKShareURLSearch.h */,
				1062BDB71A2E248900C102CD /* BMKShareUrlSearchOption.h */,
				1062BDB81A2E248900C102CD /* BMKSuggestionSearch.h */,
				1062BDB91A2E248900C102CD /* BMKSuggestionSearchOption.h */,
				1062BDBA1A2E248900C102CD /* BMKTypes.h */,
				1062BDBB1A2E248900C102CD /* BMKUserLocation.h */,
				1062BDBC1A2E248900C102CD /* BMKUtilsComponent.h */,
				1062BDBD1A2E248900C102CD /* BMKVersion.h */,
			);
			name = inc;
			path = BaiduMap_IOSSDK_v2.5.0_Lib/inc;
			sourceTree = "<group>";
		};
		106842AD1A408B2200599CA0 /* Helper */ = {
			isa = PBXGroup;
			children = (
				106842AE1A408B5700599CA0 /* UIHelper.h */,
				106842AF1A408B5700599CA0 /* UIHelper.m */,
				106842B11A408DD500599CA0 /* HangoutHelper.h */,
				106842B21A408DD500599CA0 /* HangoutHelper.m */,
			);
			name = Helper;
			sourceTree = "<group>";
		};
		10DF07C41A3A0F3600FADE2F /* MainPage */ = {
			isa = PBXGroup;
			children = (
				105D8AA11A401A3F001A8A13 /* Main_RightButton_Accept.png */,
				105D8AA21A401A3F001A8A13 /* Main_RightButton_Cancel.png */,
				105D8AA31A401A3F001A8A13 /* Main_RightButton_Delete.png */,
				105D8AA41A401A3F001A8A13 /* Main_RightButton_Pending.png */,
				10DF07EC1A3A2C1300FADE2F /* Main_Accept_Temp.png */,
				10DF07ED1A3A2C1300FADE2F /* Main_Cancel_Temp.png */,
				10DF07EE1A3A2C1300FADE2F /* Main_Trash_Temp.png */,
				10DF07CB1A3A10B000FADE2F /* Main_Accept_Button.png */,
				10DF07CC1A3A10B000FADE2F /* Main_Accept.png */,
				10DF07CD1A3A10B000FADE2F /* Main_Add.png */,
				10DF07CE1A3A10B000FADE2F /* Main_Cancel_Button.png */,
				10DF07CF1A3A10B000FADE2F /* Main_Cancel.png */,
				10DF07D01A3A10B000FADE2F /* Main_Pending_Button.png */,
				10DF07D11A3A10B000FADE2F /* Main_Pending.png */,
				10DF07D21A3A10B000FADE2F /* Main_Trash_Button.png */,
			);
			name = MainPage;
			sourceTree = "<group>";
		};
		10DF07E11A3A277000FADE2F /* Sample */ = {
			isa = PBXGroup;
			children = (
				1019B99F1A3D8BD0001AF705 /* xiaowu.png */,
				10DF07E21A3A279700FADE2F /* Sample_Achie.jpg */,
				10DF07E31A3A279700FADE2F /* Sample_Audi.jpg */,
				10DF07E41A3A279700FADE2F /* Sample_Glass.jpg */,
				10DF07E51A3A279700FADE2F /* Sample_Rae.jpg */,
				10DF07E61A3A279700FADE2F /* Sample_Sofang.jpg */,
			);
			name = Sample;
			sourceTree = "<group>";
		};
		10DF07F21A3A2EF700FADE2F /* Activity */ = {
			isa = PBXGroup;
			children = (
				10DF08121A3AB95700FADE2F /* Coffee_Big.png */,
				10DF08131A3AB95700FADE2F /* Dinner_Big.png */,
				10DF08141A3AB95700FADE2F /* KTV_Big.png */,
				10DF08151A3AB95700FADE2F /* Movie_Big.png */,
				10DF08161A3AB95700FADE2F /* Shopping_Big.png */,
				10DF08171A3AB95700FADE2F /* Shower_Big.png */,
				10DF07F31A3A2F0B00FADE2F /* Activity_Coffee.png */,
				10DF07F41A3A2F0B00FADE2F /* Activity_Dinner.png */,
				10DF07F51A3A2F0B00FADE2F /* Activity_KTV.png */,
				10DF07F61A3A2F0B00FADE2F /* Activity_Movie.png */,
				10DF07F71A3A2F0B00FADE2F /* Activity_Shopping.png */,
				10DF07F81A3A2F0B00FADE2F /* Activity_Shower.png */,
			);
			name = Activity;
			sourceTree = "<group>";
		};
		10DF07FF1A3AB92A00FADE2F /* Details */ = {
			isa = PBXGroup;
			children = (
				105D8A9F1A401A1A001A8A13 /* Details_Pending_Big.png */,
				10DF08241A3C1A9F00FADE2F /* Address_Pending.png */,
				10DF08221A3B76EB00FADE2F /* AddressButton.png */,
				10DF081E1A3B6D0000FADE2F /* Details_Accept_Big.png */,
				10DF081F1A3B6D0000FADE2F /* Details_Cancel_Big.png */,
				10DF08001A3AB93E00FADE2F /* Details_Accept.png */,
				10DF08011A3AB93E00FADE2F /* Details_Accepticon.png */,
				10DF08021A3AB93E00FADE2F /* Details_Addressicon.png */,
				10DF08031A3AB93E00FADE2F /* Details_Back.png */,
				10DF08041A3AB93E00FADE2F /* Details_Cancel.png */,
				10DF08051A3AB93E00FADE2F /* Details_Cancelicon.png */,
				10DF08061A3AB93E00FADE2F /* Details_Editicon.png */,
				10DF08071A3AB93E00FADE2F /* Details_Pending.png */,
				10DF08081A3AB93E00FADE2F /* Details_Pendingicon.png */,
			);
			name = Details;
			sourceTree = "<group>";
		};
		10FBF30F1A35ED7D00BDE177 /* HangoutViewController */ = {
			isa = PBXGroup;
			children = (
				10FBF3101A35EDE300BDE177 /* NewActivityViewControllerV2.h */,
				10FBF3111A35EDE300BDE177 /* NewActivityViewControllerV2.m */,
			);
			name = HangoutViewController;
			sourceTree = "<group>";
		};
		10FBF3171A3607D300BDE177 /* Common */ = {
			isa = PBXGroup;
			children = (
				10FBF31E1A36088300BDE177 /* Trapezoid1.h */,
				10FBF31F1A36088300BDE177 /* Trapezoid1.m */,
				10FBF3181A36084400BDE177 /* Trapezoid.h */,
				10FBF3191A36084400BDE177 /* Trapezoid.m */,
			);
			name = Common;
			sourceTree = "<group>";
		};
		95866A0C9ADE15C8E2FBB201 /* Frameworks */ = {
			isa = PBXGroup;
			children = (
				1062BDC21A2E2B3C00C102CD /* libbaidumapapi.a */,
				0EAB1B471A2DA697008A0AE2 /* SystemConfiguration.framework */,
				0EAB1B451A2DA68D008A0AE2 /* QuartzCore.framework */,
				0EAB1B431A2DA684008A0AE2 /* OpenGLES.framework */,
				0EAB1B411A2DA67D008A0AE2 /* libz.dylib */,
				0EAB1B3F1A2DA674008A0AE2 /* libicucore.dylib */,
				0EAB1B3D1A2DA666008A0AE2 /* libc++.dylib */,
				0EAB1B3B1A2DA65A008A0AE2 /* ImageIO.framework */,
				0EAB1B391A2DA651008A0AE2 /* GLKit.framework */,
				0EAB1B371A2DA645008A0AE2 /* CoreText.framework */,
				0EAB1B351A2DA63C008A0AE2 /* CoreLocation.framework */,
				0EAB1B331A2DA636008A0AE2 /* CoreData.framework */,
				0EAB1B311A2DA62C008A0AE2 /* AVFoundation.framework */,
				0EAB1ABA1A2DA303008A0AE2 /* GoogleMaps.framework */,
				597921EC47B53B0F4D7162C3 /* libPods-coffee.a */,
				453F28ABF56FE980E3185D35 /* libPods-coffeeTests.a */,
			);
			name = Frameworks;
			sourceTree = "<group>";
		};
		D9FDC0BB979BF331C82B7B97 /* Pods */ = {
			isa = PBXGroup;
			children = (
				03B07F2FB01D3DC4C59CE758 /* Pods-coffee.debug.xcconfig */,
				97A3363D3656E1B8D55B498B /* Pods-coffee.release.xcconfig */,
				CE82DABDAC9F0101535CCDF2 /* Pods-coffeeTests.debug.xcconfig */,
				336ACB363929E815CA0DDFD4 /* Pods-coffeeTests.release.xcconfig */,
			);
			name = Pods;
			sourceTree = "<group>";
		};
/* End PBXGroup section */

/* Begin PBXNativeTarget section */
		0E07530519E2254F00B17408 /* coffee */ = {
			isa = PBXNativeTarget;
			buildConfigurationList = 0E07532919E2254F00B17408 /* Build configuration list for PBXNativeTarget "coffee" */;
			buildPhases = (
				F84FC36C9DACA1444EB51923 /* Check Pods Manifest.lock */,
				0E07530219E2254F00B17408 /* Sources */,
				0E07530319E2254F00B17408 /* Frameworks */,
				0E07530419E2254F00B17408 /* Resources */,
				41031369D6070729FBDC0D7B /* Copy Pods Resources */,
			);
			buildRules = (
			);
			dependencies = (
			);
			name = coffee;
			productName = coffee;
			productReference = 0E07530619E2254F00B17408 /* coffee.app */;
			productType = "com.apple.product-type.application";
		};
		0E07531E19E2254F00B17408 /* coffeeTests */ = {
			isa = PBXNativeTarget;
			buildConfigurationList = 0E07532C19E2254F00B17408 /* Build configuration list for PBXNativeTarget "coffeeTests" */;
			buildPhases = (
				B2B6ECB2ABDB2F7B5173753D /* Check Pods Manifest.lock */,
				0E07531B19E2254F00B17408 /* Sources */,
				0E07531C19E2254F00B17408 /* Frameworks */,
				0E07531D19E2254F00B17408 /* Resources */,
				36AEDAFD631F7F641C2A9663 /* Copy Pods Resources */,
			);
			buildRules = (
			);
			dependencies = (
				0E07532119E2254F00B17408 /* PBXTargetDependency */,
			);
			name = coffeeTests;
			productName = coffeeTests;
			productReference = 0E07531F19E2254F00B17408 /* coffeeTests.xctest */;
			productType = "com.apple.product-type.bundle.unit-test";
		};
/* End PBXNativeTarget section */

/* Begin PBXProject section */
		0E0752FE19E2254F00B17408 /* Project object */ = {
			isa = PBXProject;
			attributes = {
				LastUpgradeCheck = 0600;
				ORGANIZATIONNAME = 1clip;
				TargetAttributes = {
					0E07530519E2254F00B17408 = {
						CreatedOnToolsVersion = 6.0.1;
						DevelopmentTeam = Y7NTX565B8;
					};
					0E07531E19E2254F00B17408 = {
						CreatedOnToolsVersion = 6.0.1;
						TestTargetID = 0E07530519E2254F00B17408;
					};
				};
			};
			buildConfigurationList = 0E07530119E2254F00B17408 /* Build configuration list for PBXProject "coffee" */;
			compatibilityVersion = "Xcode 3.2";
			developmentRegion = English;
			hasScannedForEncodings = 0;
			knownRegions = (
				en,
				Base,
			);
			mainGroup = 0E0752FD19E2254F00B17408;
			productRefGroup = 0E07530719E2254F00B17408 /* Products */;
			projectDirPath = "";
			projectRoot = "";
			targets = (
				0E07530519E2254F00B17408 /* coffee */,
				0E07531E19E2254F00B17408 /* coffeeTests */,
			);
		};
/* End PBXProject section */

/* Begin PBXResourcesBuildPhase section */
		0E07530419E2254F00B17408 /* Resources */ = {
			isa = PBXResourcesBuildPhase;
			buildActionMask = 2147483647;
			files = (
				10DF080D1A3AB93F00FADE2F /* Details_Cancel.png in Resources */,
				10DF07E71A3A279700FADE2F /* Sample_Achie.jpg in Resources */,
				10DF07F01A3A2C1300FADE2F /* Main_Cancel_Temp.png in Resources */,
				10DF080B1A3AB93F00FADE2F /* Details_Addressicon.png in Resources */,
				1019B9981A3D6CB0001AF705 /* NA_Date_Pending.png in Resources */,
				10CB282D1A41FD2E00164AF5 /* NA_Address_Pending.png in Resources */,
				10DF07E81A3A279700FADE2F /* Sample_Audi.jpg in Resources */,
				10CB282F1A41FF9600164AF5 /* NA_Address_Accept.png in Resources */,
				0ED8E3CD1A286BDF0072E833 /* Default-568h@2x.png in Resources */,
				10DF081B1A3AB95700FADE2F /* Movie_Big.png in Resources */,
				10DF07FB1A3A2F0B00FADE2F /* Activity_KTV.png in Resources */,
				10FEA93B1A31FBB2001762B3 /* add.png in Resources */,
				10DF080E1A3AB93F00FADE2F /* Details_Cancelicon.png in Resources */,
				10DF07DD1A3A10B000FADE2F /* Main_Cancel.png in Resources */,
				10DF07EF1A3A2C1300FADE2F /* Main_Accept_Temp.png in Resources */,
				1022710F1A3DEF9B0041A65E /* Unselected.png in Resources */,
				10DF07F91A3A2F0B00FADE2F /* Activity_Coffee.png in Resources */,
				10DF08111A3AB93F00FADE2F /* Details_Pendingicon.png in Resources */,
				10DF080F1A3AB93F00FADE2F /* Details_Editicon.png in Resources */,
				0EAB1B0A1A2DA4D3008A0AE2 /* Images.xcassets in Resources */,
				10DF07EA1A3A279700FADE2F /* Sample_Rae.jpg in Resources */,
				105D8AA01A401A1A001A8A13 /* Details_Pending_Big.png in Resources */,
				1019B9A01A3D8BD0001AF705 /* xiaowu.png in Resources */,
				10DF07F11A3A2C1300FADE2F /* Main_Trash_Temp.png in Resources */,
				10DF08181A3AB95700FADE2F /* Coffee_Big.png in Resources */,
				1019B99B1A3D6CB0001AF705 /* NA_Location_Accept.png in Resources */,
				10DF08091A3AB93F00FADE2F /* Details_Accept.png in Resources */,
				105D8AA51A401A3F001A8A13 /* Main_RightButton_Accept.png in Resources */,
				10DF07DC1A3A10B000FADE2F /* Main_Cancel_Button.png in Resources */,
				10DF07FE1A3A2F0B00FADE2F /* Activity_Shower.png in Resources */,
				10DF080C1A3AB93F00FADE2F /* Details_Back.png in Resources */,
				10DF081C1A3AB95700FADE2F /* Shopping_Big.png in Resources */,
				1019B99E1A3D6CB0001AF705 /* NA_Time_Pending.png in Resources */,
				105D8AA61A401A3F001A8A13 /* Main_RightButton_Cancel.png in Resources */,
				1019B99D1A3D6CB0001AF705 /* NA_Time_Accept.png in Resources */,
				10DF07DB1A3A10B000FADE2F /* Main_Add.png in Resources */,
				1019B9941A3D6CB0001AF705 /* NA_Add_Accept.png in Resources */,
				10DF07E91A3A279700FADE2F /* Sample_Glass.jpg in Resources */,
				1019B9971A3D6CB0001AF705 /* NA_Date_Accept.png in Resources */,
				0EAB1B301A2DA5D4008A0AE2 /* GoogleMaps.bundle in Resources */,
				10DF081A1A3AB95700FADE2F /* KTV_Big.png in Resources */,
				10DF07FA1A3A2F0B00FADE2F /* Activity_Dinner.png in Resources */,
				1019B99A1A3D6CB0001AF705 /* NA_Desc_Pending.png in Resources */,
				10DF080A1A3AB93F00FADE2F /* Details_Accepticon.png in Resources */,
				10DF08211A3B6D0000FADE2F /* Details_Cancel_Big.png in Resources */,
				10DF08231A3B76EB00FADE2F /* AddressButton.png in Resources */,
				1062BDBF1A2E24EA00C102CD /* mapapi.bundle in Resources */,
				10DF08101A3AB93F00FADE2F /* Details_Pending.png in Resources */,
				10DF07E01A3A10B000FADE2F /* Main_Trash_Button.png in Resources */,
				1019B9991A3D6CB0001AF705 /* NA_Desc_Accept.png in Resources */,
				10DF07DA1A3A10B000FADE2F /* Main_Accept.png in Resources */,
				10DF07FC1A3A2F0B00FADE2F /* Activity_Movie.png in Resources */,
				10DF07DE1A3A10B000FADE2F /* Main_Pending_Button.png in Resources */,
				105D8AA81A401A3F001A8A13 /* Main_RightButton_Pending.png in Resources */,
				1019B99C1A3D6CB0001AF705 /* NA_Location_Pending.png in Resources */,
				10DF08251A3C1A9F00FADE2F /* Address_Pending.png in Resources */,
				10FBF3141A35F61000BDE177 /* ok.png in Resources */,
				10DF07DF1A3A10B000FADE2F /* Main_Pending.png in Resources */,
				10DF08191A3AB95700FADE2F /* Dinner_Big.png in Resources */,
				0EAB1B0F1A2DA4D3008A0AE2 /* accept.png in Resources */,
				10DF08201A3B6D0000FADE2F /* Details_Accept_Big.png in Resources */,
				10DF081D1A3AB95700FADE2F /* Shower_Big.png in Resources */,
				0EAB1B0B1A2DA4D3008A0AE2 /* Info.plist in Resources */,
				10FBF3161A3602CA00BDE177 /* close.png in Resources */,
				1019B9951A3D6CB0001AF705 /* NA_Add_Pending.png in Resources */,
				105D8AA71A401A3F001A8A13 /* Main_RightButton_Delete.png in Resources */,
				0EAB1B0D1A2DA4D3008A0AE2 /* Main.storyboard in Resources */,
				10DF07D91A3A10B000FADE2F /* Main_Accept_Button.png in Resources */,
				10DF07FD1A3A2F0B00FADE2F /* Activity_Shopping.png in Resources */,
				10DF07EB1A3A279700FADE2F /* Sample_Sofang.jpg in Resources */,
			);
			runOnlyForDeploymentPostprocessing = 0;
		};
		0E07531D19E2254F00B17408 /* Resources */ = {
			isa = PBXResourcesBuildPhase;
			buildActionMask = 2147483647;
			files = (
			);
			runOnlyForDeploymentPostprocessing = 0;
		};
/* End PBXResourcesBuildPhase section */

/* Begin PBXShellScriptBuildPhase section */
		36AEDAFD631F7F641C2A9663 /* Copy Pods Resources */ = {
			isa = PBXShellScriptBuildPhase;
			buildActionMask = 2147483647;
			files = (
			);
			inputPaths = (
			);
			name = "Copy Pods Resources";
			outputPaths = (
			);
			runOnlyForDeploymentPostprocessing = 0;
			shellPath = /bin/sh;
			shellScript = "\"${SRCROOT}/Pods/Target Support Files/Pods-coffeeTests/Pods-coffeeTests-resources.sh\"\n";
			showEnvVarsInLog = 0;
		};
		41031369D6070729FBDC0D7B /* Copy Pods Resources */ = {
			isa = PBXShellScriptBuildPhase;
			buildActionMask = 2147483647;
			files = (
			);
			inputPaths = (
			);
			name = "Copy Pods Resources";
			outputPaths = (
			);
			runOnlyForDeploymentPostprocessing = 0;
			shellPath = /bin/sh;
			shellScript = "\"${SRCROOT}/Pods/Target Support Files/Pods-coffee/Pods-coffee-resources.sh\"\n";
			showEnvVarsInLog = 0;
		};
		B2B6ECB2ABDB2F7B5173753D /* Check Pods Manifest.lock */ = {
			isa = PBXShellScriptBuildPhase;
			buildActionMask = 2147483647;
			files = (
			);
			inputPaths = (
			);
			name = "Check Pods Manifest.lock";
			outputPaths = (
			);
			runOnlyForDeploymentPostprocessing = 0;
			shellPath = /bin/sh;
			shellScript = "diff \"${PODS_ROOT}/../Podfile.lock\" \"${PODS_ROOT}/Manifest.lock\" > /dev/null\nif [[ $? != 0 ]] ; then\n    cat << EOM\nerror: The sandbox is not in sync with the Podfile.lock. Run 'pod install' or update your CocoaPods installation.\nEOM\n    exit 1\nfi\n";
			showEnvVarsInLog = 0;
		};
		F84FC36C9DACA1444EB51923 /* Check Pods Manifest.lock */ = {
			isa = PBXShellScriptBuildPhase;
			buildActionMask = 2147483647;
			files = (
			);
			inputPaths = (
			);
			name = "Check Pods Manifest.lock";
			outputPaths = (
			);
			runOnlyForDeploymentPostprocessing = 0;
			shellPath = /bin/sh;
			shellScript = "diff \"${PODS_ROOT}/../Podfile.lock\" \"${PODS_ROOT}/Manifest.lock\" > /dev/null\nif [[ $? != 0 ]] ; then\n    cat << EOM\nerror: The sandbox is not in sync with the Podfile.lock. Run 'pod install' or update your CocoaPods installation.\nEOM\n    exit 1\nfi\n";
			showEnvVarsInLog = 0;
		};
/* End PBXShellScriptBuildPhase section */

/* Begin PBXSourcesBuildPhase section */
		0E07530219E2254F00B17408 /* Sources */ = {
			isa = PBXSourcesBuildPhase;
			buildActionMask = 2147483647;
			files = (
				10FEA9411A3212F1001762B3 /* HangoutSWTableCell.m in Sources */,
				0EAB1B051A2DA4D3008A0AE2 /* Enums.m in Sources */,
				0EAB1B011A2DA4D3008A0AE2 /* CoffeeAPI.m in Sources */,
				10FBF31A1A36084400BDE177 /* Trapezoid.m in Sources */,
				105D8AAC1A402838001A8A13 /* ViewEnums.m in Sources */,
				0EAB1B081A2DA4D3008A0AE2 /* User.m in Sources */,
				10A9341C1A2F50FB00B5323F /* Placeholder.m in Sources */,
				0EAB1B071A2DA4D3008A0AE2 /* Hangout.m in Sources */,
				10FBF3201A36088300BDE177 /* Trapezoid1.m in Sources */,
				0EAB1B281A2DA4D3008A0AE2 /* UITableGridViewCell.m in Sources */,
				0EAB1B061A2DA4D3008A0AE2 /* Group.m in Sources */,
				0EAB1B291A2DA4D3008A0AE2 /* HangoutDetailViewController.m in Sources */,
				0EAB1B031A2DA4D3008A0AE2 /* JSONModelRequestSerializer.m in Sources */,
				0EAB1B241A2DA4D3008A0AE2 /* ActivityReplyViewCell.m in Sources */,
				10FEA93E1A321149001762B3 /* HangoutViewControllerV2.m in Sources */,
				10A9341F1A2F778000B5323F /* HangoutInvationViewController.m in Sources */,
				10A934221A2F77E500B5323F /* InvationTableCell.m in Sources */,
				0EAB1B021A2DA4D3008A0AE2 /* CoffeeAPIError.m in Sources */,
				0EAB1B041A2DA4D3008A0AE2 /* Bases.m in Sources */,
				106842B01A408B5700599CA0 /* UIHelper.m in Sources */,
				0EAB1B261A2DA4D3008A0AE2 /* CFAvatarView.m in Sources */,
				106842B31A408DD500599CA0 /* HangoutHelper.m in Sources */,
				10ABCBE71A2E1103004F9EB5 /* LocationTableCell.m in Sources */,
				0EAB1B4B1A2DA8C8008A0AE2 /* HangoutLocationViewController.mm in Sources */,
				0EAB1B0C1A2DA4D3008A0AE2 /* main.m in Sources */,
				105D8AB01A403D0A001A8A13 /* FakeData.m in Sources */,
				0EAB1B001A2DA4D3008A0AE2 /* AppDelegate.m in Sources */,
				10FBF3121A35EDE300BDE177 /* NewActivityViewControllerV2.m in Sources */,
				0EAB1B231A2DA4D3008A0AE2 /* ActivityCollectionCell.m in Sources */,
			);
			runOnlyForDeploymentPostprocessing = 0;
		};
		0E07531B19E2254F00B17408 /* Sources */ = {
			isa = PBXSourcesBuildPhase;
			buildActionMask = 2147483647;
			files = (
				0EDF7B4A19E379B800C4E695 /* CoffeeAPITests.m in Sources */,
				0E07532619E2254F00B17408 /* DataModelsTests.m in Sources */,
				0EDF7B5919E5223400C4E695 /* CoffeeTestCase.m in Sources */,
				0EDF7B5C19E522F300C4E695 /* TestDataGenerator.m in Sources */,
			);
			runOnlyForDeploymentPostprocessing = 0;
		};
/* End PBXSourcesBuildPhase section */

/* Begin PBXTargetDependency section */
		0E07532119E2254F00B17408 /* PBXTargetDependency */ = {
			isa = PBXTargetDependency;
			target = 0E07530519E2254F00B17408 /* coffee */;
			targetProxy = 0E07532019E2254F00B17408 /* PBXContainerItemProxy */;
		};
/* End PBXTargetDependency section */

/* Begin XCBuildConfiguration section */
		0E07532719E2254F00B17408 /* Debug */ = {
			isa = XCBuildConfiguration;
			buildSettings = {
				ALWAYS_SEARCH_USER_PATHS = NO;
				CLANG_CXX_LANGUAGE_STANDARD = "gnu++0x";
				CLANG_CXX_LIBRARY = "libc++";
				CLANG_ENABLE_MODULES = YES;
				CLANG_ENABLE_OBJC_ARC = YES;
				CLANG_WARN_BOOL_CONVERSION = YES;
				CLANG_WARN_CONSTANT_CONVERSION = YES;
				CLANG_WARN_DIRECT_OBJC_ISA_USAGE = YES_ERROR;
				CLANG_WARN_EMPTY_BODY = YES;
				CLANG_WARN_ENUM_CONVERSION = YES;
				CLANG_WARN_INT_CONVERSION = YES;
				CLANG_WARN_OBJC_ROOT_CLASS = YES_ERROR;
				CLANG_WARN_UNREACHABLE_CODE = YES;
				CLANG_WARN__DUPLICATE_METHOD_MATCH = YES;
				"CODE_SIGN_IDENTITY[sdk=iphoneos*]" = "iPhone Developer";
				COPY_PHASE_STRIP = NO;
				ENABLE_STRICT_OBJC_MSGSEND = YES;
				GCC_C_LANGUAGE_STANDARD = gnu99;
				GCC_DYNAMIC_NO_PIC = NO;
				GCC_OPTIMIZATION_LEVEL = 0;
				GCC_PREPROCESSOR_DEFINITIONS = (
					"DEBUG=1",
					"$(inherited)",
				);
				GCC_SYMBOLS_PRIVATE_EXTERN = NO;
				GCC_WARN_64_TO_32_BIT_CONVERSION = YES;
				GCC_WARN_ABOUT_RETURN_TYPE = YES_ERROR;
				GCC_WARN_UNDECLARED_SELECTOR = YES;
				GCC_WARN_UNINITIALIZED_AUTOS = YES_AGGRESSIVE;
				GCC_WARN_UNUSED_FUNCTION = YES;
				GCC_WARN_UNUSED_VARIABLE = YES;
				IPHONEOS_DEPLOYMENT_TARGET = 8.0;
				MTL_ENABLE_DEBUG_INFO = YES;
				ONLY_ACTIVE_ARCH = YES;
				SDKROOT = iphoneos;
			};
			name = Debug;
		};
		0E07532819E2254F00B17408 /* Release */ = {
			isa = XCBuildConfiguration;
			buildSettings = {
				ALWAYS_SEARCH_USER_PATHS = NO;
				CLANG_CXX_LANGUAGE_STANDARD = "gnu++0x";
				CLANG_CXX_LIBRARY = "libc++";
				CLANG_ENABLE_MODULES = YES;
				CLANG_ENABLE_OBJC_ARC = YES;
				CLANG_WARN_BOOL_CONVERSION = YES;
				CLANG_WARN_CONSTANT_CONVERSION = YES;
				CLANG_WARN_DIRECT_OBJC_ISA_USAGE = YES_ERROR;
				CLANG_WARN_EMPTY_BODY = YES;
				CLANG_WARN_ENUM_CONVERSION = YES;
				CLANG_WARN_INT_CONVERSION = YES;
				CLANG_WARN_OBJC_ROOT_CLASS = YES_ERROR;
				CLANG_WARN_UNREACHABLE_CODE = YES;
				CLANG_WARN__DUPLICATE_METHOD_MATCH = YES;
				"CODE_SIGN_IDENTITY[sdk=iphoneos*]" = "iPhone Developer";
				COPY_PHASE_STRIP = YES;
				ENABLE_NS_ASSERTIONS = NO;
				ENABLE_STRICT_OBJC_MSGSEND = YES;
				GCC_C_LANGUAGE_STANDARD = gnu99;
				GCC_WARN_64_TO_32_BIT_CONVERSION = YES;
				GCC_WARN_ABOUT_RETURN_TYPE = YES_ERROR;
				GCC_WARN_UNDECLARED_SELECTOR = YES;
				GCC_WARN_UNINITIALIZED_AUTOS = YES_AGGRESSIVE;
				GCC_WARN_UNUSED_FUNCTION = YES;
				GCC_WARN_UNUSED_VARIABLE = YES;
				IPHONEOS_DEPLOYMENT_TARGET = 8.0;
				MTL_ENABLE_DEBUG_INFO = NO;
				SDKROOT = iphoneos;
				VALIDATE_PRODUCT = YES;
			};
			name = Release;
		};
		0E07532A19E2254F00B17408 /* Debug */ = {
			isa = XCBuildConfiguration;
			baseConfigurationReference = 03B07F2FB01D3DC4C59CE758 /* Pods-coffee.debug.xcconfig */;
			buildSettings = {
				ASSETCATALOG_COMPILER_APPICON_NAME = AppIcon;
				CODE_SIGN_IDENTITY = "iPhone Developer";
				"CODE_SIGN_IDENTITY[sdk=iphoneos*]" = "iPhone Developer";
				FRAMEWORK_SEARCH_PATHS = (
					"$(inherited)",
					"/Users/achiel/Downloads/GoogleMaps-iOS-1.9.0",
					"$(PROJECT_DIR)",
				);
				INFOPLIST_FILE = coffee/Info.plist;
				IPHONEOS_DEPLOYMENT_TARGET = 7.0;
				LD_RUNPATH_SEARCH_PATHS = "$(inherited) @executable_path/Frameworks";
				LIBRARY_SEARCH_PATHS = (
					"$(inherited)",
					"$(PROJECT_DIR)/BaiduMap_IOSSDK_v2.5.0_Lib//Release$(EFFECTIVE_PLATFORM_NAME)/\"",
				);
				PRODUCT_NAME = "$(TARGET_NAME)";
				PROVISIONING_PROFILE = "";
			};
			name = Debug;
		};
		0E07532B19E2254F00B17408 /* Release */ = {
			isa = XCBuildConfiguration;
			baseConfigurationReference = 97A3363D3656E1B8D55B498B /* Pods-coffee.release.xcconfig */;
			buildSettings = {
				ASSETCATALOG_COMPILER_APPICON_NAME = AppIcon;
				CODE_SIGN_IDENTITY = "iPhone Developer";
				"CODE_SIGN_IDENTITY[sdk=iphoneos*]" = "iPhone Developer";
				FRAMEWORK_SEARCH_PATHS = (
					"$(inherited)",
					"/Users/achiel/Downloads/GoogleMaps-iOS-1.9.0",
					"$(PROJECT_DIR)",
				);
				INFOPLIST_FILE = coffee/Info.plist;
				IPHONEOS_DEPLOYMENT_TARGET = 7.0;
				LD_RUNPATH_SEARCH_PATHS = "$(inherited) @executable_path/Frameworks";
				LIBRARY_SEARCH_PATHS = (
					"$(inherited)",
					"$(PROJECT_DIR)/BaiduMap_IOSSDK_v2.5.0_Lib//Release$(EFFECTIVE_PLATFORM_NAME)/\"",
				);
				PRODUCT_NAME = "$(TARGET_NAME)";
				PROVISIONING_PROFILE = "";
			};
			name = Release;
		};
		0E07532D19E2254F00B17408 /* Debug */ = {
			isa = XCBuildConfiguration;
			baseConfigurationReference = CE82DABDAC9F0101535CCDF2 /* Pods-coffeeTests.debug.xcconfig */;
			buildSettings = {
				BUNDLE_LOADER = "$(TEST_HOST)";
				FRAMEWORK_SEARCH_PATHS = (
					"$(SDKROOT)/Developer/Library/Frameworks",
					"$(inherited)",
				);
				GCC_PREPROCESSOR_DEFINITIONS = (
					"DEBUG=1",
					"$(inherited)",
				);
				HEADER_SEARCH_PATHS = (
					"\"${PODS_ROOT}/Headers/Public\"",
					"\"${PODS_ROOT}/Headers/Public/AFNetworking\"",
					"\"${PODS_ROOT}/Headers/Public/Expecta\"",
					"\"${PODS_ROOT}/Headers/Public/JSONModel\"",
					"\"$(SRCROOT)/coffee\"",
				);
				INFOPLIST_FILE = coffeeTests/Info.plist;
				LD_RUNPATH_SEARCH_PATHS = "$(inherited) @executable_path/Frameworks @loader_path/Frameworks";
				PRODUCT_NAME = "$(TARGET_NAME)";
				TEST_HOST = "$(BUILT_PRODUCTS_DIR)/coffee.app/coffee";
			};
			name = Debug;
		};
		0E07532E19E2254F00B17408 /* Release */ = {
			isa = XCBuildConfiguration;
			baseConfigurationReference = 336ACB363929E815CA0DDFD4 /* Pods-coffeeTests.release.xcconfig */;
			buildSettings = {
				BUNDLE_LOADER = "$(TEST_HOST)";
				FRAMEWORK_SEARCH_PATHS = (
					"$(SDKROOT)/Developer/Library/Frameworks",
					"$(inherited)",
				);
				HEADER_SEARCH_PATHS = (
					"\"${PODS_ROOT}/Headers/Public\"",
					"\"${PODS_ROOT}/Headers/Public/AFNetworking\"",
					"\"${PODS_ROOT}/Headers/Public/Expecta\"",
					"\"${PODS_ROOT}/Headers/Public/JSONModel\"",
					"\"$(SRCROOT)/coffee\"",
				);
				INFOPLIST_FILE = coffeeTests/Info.plist;
				LD_RUNPATH_SEARCH_PATHS = "$(inherited) @executable_path/Frameworks @loader_path/Frameworks";
				PRODUCT_NAME = "$(TARGET_NAME)";
				TEST_HOST = "$(BUILT_PRODUCTS_DIR)/coffee.app/coffee";
			};
			name = Release;
		};
/* End XCBuildConfiguration section */

/* Begin XCConfigurationList section */
		0E07530119E2254F00B17408 /* Build configuration list for PBXProject "coffee" */ = {
			isa = XCConfigurationList;
			buildConfigurations = (
				0E07532719E2254F00B17408 /* Debug */,
				0E07532819E2254F00B17408 /* Release */,
			);
			defaultConfigurationIsVisible = 0;
			defaultConfigurationName = Release;
		};
		0E07532919E2254F00B17408 /* Build configuration list for PBXNativeTarget "coffee" */ = {
			isa = XCConfigurationList;
			buildConfigurations = (
				0E07532A19E2254F00B17408 /* Debug */,
				0E07532B19E2254F00B17408 /* Release */,
			);
			defaultConfigurationIsVisible = 0;
			defaultConfigurationName = Release;
		};
		0E07532C19E2254F00B17408 /* Build configuration list for PBXNativeTarget "coffeeTests" */ = {
			isa = XCConfigurationList;
			buildConfigurations = (
				0E07532D19E2254F00B17408 /* Debug */,
				0E07532E19E2254F00B17408 /* Release */,
			);
			defaultConfigurationIsVisible = 0;
			defaultConfigurationName = Release;
		};
/* End XCConfigurationList section */
	};
	rootObject = 0E0752FE19E2254F00B17408 /* Project object */;
}
